PODS:
  - Alamofire (4.8.2)
  - AWSCore (2.10.2)
  - AWSS3 (2.10.2):
    - AWSCore (= 2.10.2)
  - IQKeyboardManagerSwift (6.4.1)
  - KMPlaceholderTextView (1.4.0)
  - SkyFloatingLabelTextField (3.7.0)
  - SRCountdownTimer (1.1)
  - SVPinView (1.0.7)
  - SwiftMessages (7.0.0):
    - SwiftMessages/App (= 7.0.0)
  - SwiftMessages/App (7.0.0)
  - SwiftyComments (0.2.0):
    - SwipeCellKit
  - SwiftyJSON (5.0.0)
  - SwipeCellKit (2.6.0)

DEPENDENCIES:
  - Alamofire
  - AWSS3
  - IQKeyboardManagerSwift
  - KMPlaceholderTextView
  - SkyFloatingLabelTextField (~> 3.0)
  - SRCountdownTimer
  - SVPinView (~> 1.0)
  - SwiftMessages
  - SwiftyComments
  - SwiftyJSON

SPEC REPOS:
  https://github.com/cocoapods/specs.git:
    - Alamofire
    - AWSCore
    - AWSS3
    - IQKeyboardManagerSwift
    - KMPlaceholderTextView
    - SkyFloatingLabelTextField
    - SRCountdownTimer
    - SVPinView
    - SwiftMessages
    - SwiftyComments
    - SwiftyJSON
    - SwipeCellKit

SPEC CHECKSUMS:
  Alamofire: ae5c501addb7afdbb13687d7f2f722c78734c2d3
  AWSCore: 2e91f89187d1238be35ce8c57aac98c42def640f
  AWSS3: f0f81ee725de69f631051cead12791ff5dfbba14
  IQKeyboardManagerSwift: d2df660d0b8d64a15cb2537c9ff303213fa515b2
  KMPlaceholderTextView: 2206c3df39979e9396e2d96fa9f427a8951121b0
  SkyFloatingLabelTextField: 4b46db0ab1ccde0919cded29c656e6b4805eda04
  SRCountdownTimer: 9c92e444b5403c92f01dd6610299b8c634bc8562
  SVPinView: 6c1da57e4a1273298802f460c60511ba10f7c831
  SwiftMessages: a952f7a9103d9aeab93730a2861d2d8fcdd8758f
  SwiftyComments: 864260f481d4159118e1ee9c0ad2c9a95693fa94
  SwiftyJSON: 36413e04c44ee145039d332b4f4e2d3e8d6c4db7
  SwipeCellKit: 935ca28c187ec6e1ffb2b578cf8ddca842bfdcbb

PODFILE CHECKSUM: e2cda2cf828550fbcbaab70721e7a5e0faafa4cc

COCOAPODS: 1.6.1
