// !$*UTF8*$!
{
	archiveVersion = 1;
	classes = {
	};
	objectVersion = 50;
	objects = {

/* Begin PBXBuildFile section */
		0ED298C4229BCDDE009A5C66 /* SelectedImageViewController.swift in Sources */ = {isa = PBXBuildFile; fileRef = 0ED298C3229BCDDE009A5C66 /* SelectedImageViewController.swift */; };
		0ED298C6229BECD4009A5C66 /* SelectedVideoViewController.swift in Sources */ = {isa = PBXBuildFile; fileRef = 0ED298C5229BECD4009A5C66 /* SelectedVideoViewController.swift */; };
		345269EF22A7E450008B6613 /* Toast.swift in Sources */ = {isa = PBXBuildFile; fileRef = 345269EE22A7E450008B6613 /* Toast.swift */; };
		3486A86C22A661960053A1A1 /* PostModel.swift in Sources */ = {isa = PBXBuildFile; fileRef = 3486A86B22A661960053A1A1 /* PostModel.swift */; };
		34C6C6B122A69338009B1AE8 /* SRCountdownTimer.framework in Frameworks */ = {isa = PBXBuildFile; fileRef = 34C6C6B022A69338009B1AE8 /* SRCountdownTimer.framework */; };
		34FC39F222A7A0F6009314D2 /* HomeTblCell.swift in Sources */ = {isa = PBXBuildFile; fileRef = 34FC39F022A7A0F6009314D2 /* HomeTblCell.swift */; };
		34FC39F322A7A0F6009314D2 /* HomeTblCell.xib in Resources */ = {isa = PBXBuildFile; fileRef = 34FC39F122A7A0F6009314D2 /* HomeTblCell.xib */; };
		34FC39F622A7ABF9009314D2 /* HomeCollectionsViewCell.swift in Sources */ = {isa = PBXBuildFile; fileRef = 34FC39F422A7ABF9009314D2 /* HomeCollectionsViewCell.swift */; };
		34FC39F722A7ABF9009314D2 /* HomeCollectionsViewCell.xib in Resources */ = {isa = PBXBuildFile; fileRef = 34FC39F522A7ABF9009314D2 /* HomeCollectionsViewCell.xib */; };
		4F0BCF8A22D07FD00094A351 /* FriendListViewController.swift in Sources */ = {isa = PBXBuildFile; fileRef = 4F0BCF8922D07FD00094A351 /* FriendListViewController.swift */; };
		4F0BCF8E22D081860094A351 /* FriendTableViewCell.swift in Sources */ = {isa = PBXBuildFile; fileRef = 4F0BCF8C22D081860094A351 /* FriendTableViewCell.swift */; };
		4F0BCF8F22D081860094A351 /* FriendTableViewCell.xib in Resources */ = {isa = PBXBuildFile; fileRef = 4F0BCF8D22D081860094A351 /* FriendTableViewCell.xib */; };
		4F0BCF9122D09F260094A351 /* UserFriendList.swift in Sources */ = {isa = PBXBuildFile; fileRef = 4F0BCF9022D09F260094A351 /* UserFriendList.swift */; };
		4F0BCF9422D0B2800094A351 /* BlockListViewController.swift in Sources */ = {isa = PBXBuildFile; fileRef = 4F0BCF9322D0B2800094A351 /* BlockListViewController.swift */; };
		4F0F210722B762A1002F69A7 /* CollectionType+Extension.swift in Sources */ = {isa = PBXBuildFile; fileRef = 4F0F20FB22B762A1002F69A7 /* CollectionType+Extension.swift */; };
		4F0F210822B762A1002F69A7 /* SkyFloatingLabelTextField+Extension.swift in Sources */ = {isa = PBXBuildFile; fileRef = 4F0F20FC22B762A1002F69A7 /* SkyFloatingLabelTextField+Extension.swift */; };
		4F0F210922B762A1002F69A7 /* String+Extension.swift in Sources */ = {isa = PBXBuildFile; fileRef = 4F0F20FD22B762A1002F69A7 /* String+Extension.swift */; };
		4F0F210A22B762A1002F69A7 /* SVPinView+Extension.swift in Sources */ = {isa = PBXBuildFile; fileRef = 4F0F20FE22B762A1002F69A7 /* SVPinView+Extension.swift */; };
		4F0F210B22B762A1002F69A7 /* UIButton+Extension.swift in Sources */ = {isa = PBXBuildFile; fileRef = 4F0F20FF22B762A1002F69A7 /* UIButton+Extension.swift */; };
		4F0F210C22B762A1002F69A7 /* UIColor+Extension.swift in Sources */ = {isa = PBXBuildFile; fileRef = 4F0F210022B762A1002F69A7 /* UIColor+Extension.swift */; };
		4F0F210D22B762A1002F69A7 /* UIImage+Extension.swift in Sources */ = {isa = PBXBuildFile; fileRef = 4F0F210122B762A1002F69A7 /* UIImage+Extension.swift */; };
		4F0F210E22B762A1002F69A7 /* UINavigationBar+Extension.swift in Sources */ = {isa = PBXBuildFile; fileRef = 4F0F210222B762A1002F69A7 /* UINavigationBar+Extension.swift */; };
		4F0F210F22B762A1002F69A7 /* UITextField+Extensions.swift in Sources */ = {isa = PBXBuildFile; fileRef = 4F0F210322B762A1002F69A7 /* UITextField+Extensions.swift */; };
		4F0F211022B762A1002F69A7 /* UIView+Extensions.swift in Sources */ = {isa = PBXBuildFile; fileRef = 4F0F210422B762A1002F69A7 /* UIView+Extensions.swift */; };
		4F0F211122B762A1002F69A7 /* UIViewController+Extension.swift in Sources */ = {isa = PBXBuildFile; fileRef = 4F0F210522B762A1002F69A7 /* UIViewController+Extension.swift */; };
		4F0F211322B762E1002F69A7 /* UIFont+Extension.swift in Sources */ = {isa = PBXBuildFile; fileRef = 4F0F211222B762E1002F69A7 /* UIFont+Extension.swift */; };
		4F0F211522B7633C002F69A7 /* UIScrollView+Extension.swift in Sources */ = {isa = PBXBuildFile; fileRef = 4F0F211422B7633C002F69A7 /* UIScrollView+Extension.swift */; };
		4F0F211722B76391002F69A7 /* UIImageView+Extension.swift in Sources */ = {isa = PBXBuildFile; fileRef = 4F0F211622B76391002F69A7 /* UIImageView+Extension.swift */; };
		4F0F211922B764F7002F69A7 /* UITableView+Extension.swift in Sources */ = {isa = PBXBuildFile; fileRef = 4F0F211822B764F7002F69A7 /* UITableView+Extension.swift */; };
		4F0F212C22B76C4D002F69A7 /* Utility.swift in Sources */ = {isa = PBXBuildFile; fileRef = 4F0F211B22B76C4C002F69A7 /* Utility.swift */; };
		4F0F213222B76C4D002F69A7 /* APIClient.swift in Sources */ = {isa = PBXBuildFile; fileRef = 4F0F212322B76C4C002F69A7 /* APIClient.swift */; };
		4F0F213322B76C4D002F69A7 /* ApiManager.swift in Sources */ = {isa = PBXBuildFile; fileRef = 4F0F212422B76C4C002F69A7 /* ApiManager.swift */; };
		4F0F213422B76C4D002F69A7 /* HeaderRequestParameter.swift in Sources */ = {isa = PBXBuildFile; fileRef = 4F0F212522B76C4C002F69A7 /* HeaderRequestParameter.swift */; };
		4F0F213522B76C4D002F69A7 /* ParameterRequest.swift in Sources */ = {isa = PBXBuildFile; fileRef = 4F0F212622B76C4C002F69A7 /* ParameterRequest.swift */; };
		4F0F213622B76C4D002F69A7 /* DataSelectionTableViewCell.swift in Sources */ = {isa = PBXBuildFile; fileRef = 4F0F212822B76C4D002F69A7 /* DataSelectionTableViewCell.swift */; };
		4F0F213722B76C4D002F69A7 /* DataSelectionTableViewCell.xib in Resources */ = {isa = PBXBuildFile; fileRef = 4F0F212922B76C4D002F69A7 /* DataSelectionTableViewCell.xib */; };
		4F0F213822B76C4D002F69A7 /* DataSelectionView.swift in Sources */ = {isa = PBXBuildFile; fileRef = 4F0F212A22B76C4D002F69A7 /* DataSelectionView.swift */; };
		4F0F213922B76C4D002F69A7 /* DataSelectionView.xib in Resources */ = {isa = PBXBuildFile; fileRef = 4F0F212B22B76C4D002F69A7 /* DataSelectionView.xib */; };
		4F0F213F22B76CDC002F69A7 /* GlobalConstants.swift in Sources */ = {isa = PBXBuildFile; fileRef = 4F0F213B22B76CDC002F69A7 /* GlobalConstants.swift */; };
		4F0F214022B76CDC002F69A7 /* GlobalFunctions.swift in Sources */ = {isa = PBXBuildFile; fileRef = 4F0F213C22B76CDC002F69A7 /* GlobalFunctions.swift */; };
		4F0F214122B76CDC002F69A7 /* AppPrefsManager.swift in Sources */ = {isa = PBXBuildFile; fileRef = 4F0F213E22B76CDC002F69A7 /* AppPrefsManager.swift */; };
		4F0F214422B76F18002F69A7 /* ResponseDataModel.swift in Sources */ = {isa = PBXBuildFile; fileRef = 4F0F214322B76F18002F69A7 /* ResponseDataModel.swift */; };
		4F0F214822B79283002F69A7 /* LoginModel.swift in Sources */ = {isa = PBXBuildFile; fileRef = 4F0F214722B79283002F69A7 /* LoginModel.swift */; };
		4F1443D522F41537006407C5 /* ForgotPasswordViewController.swift in Sources */ = {isa = PBXBuildFile; fileRef = 4F1443D422F41537006407C5 /* ForgotPasswordViewController.swift */; };
		4F188C1422D3258300D340A1 /* DPDConstants.swift in Sources */ = {isa = PBXBuildFile; fileRef = 4F188C0B22D3258200D340A1 /* DPDConstants.swift */; };
		4F188C1522D3258300D340A1 /* DPDKeyboardListener.swift in Sources */ = {isa = PBXBuildFile; fileRef = 4F188C0C22D3258200D340A1 /* DPDKeyboardListener.swift */; };
		4F188C1622D3258300D340A1 /* DPDUIView+Extension.swift in Sources */ = {isa = PBXBuildFile; fileRef = 4F188C0D22D3258200D340A1 /* DPDUIView+Extension.swift */; };
		4F188C1722D3258300D340A1 /* DropDownCell.xib in Resources */ = {isa = PBXBuildFile; fileRef = 4F188C0F22D3258200D340A1 /* DropDownCell.xib */; };
		4F188C1822D3258300D340A1 /* DropDown+Appearance.swift in Sources */ = {isa = PBXBuildFile; fileRef = 4F188C1122D3258200D340A1 /* DropDown+Appearance.swift */; };
		4F188C1922D3258300D340A1 /* DropDown.swift in Sources */ = {isa = PBXBuildFile; fileRef = 4F188C1222D3258200D340A1 /* DropDown.swift */; };
		4F188C1A22D3258300D340A1 /* DropDownCell.swift in Sources */ = {isa = PBXBuildFile; fileRef = 4F188C1322D3258200D340A1 /* DropDownCell.swift */; };
		4F19C0EB22C5047500D12A1B /* UserProfileModel.swift in Sources */ = {isa = PBXBuildFile; fileRef = 4F19C0EA22C5047500D12A1B /* UserProfileModel.swift */; };
		4F19E0D222F2AB6C00266010 /* SearchViewController.swift in Sources */ = {isa = PBXBuildFile; fileRef = 4F19E0D122F2AB6C00266010 /* SearchViewController.swift */; };
		4F19E0D622F2B4F800266010 /* SearchItemCollectionViewCell.swift in Sources */ = {isa = PBXBuildFile; fileRef = 4F19E0D422F2B4F800266010 /* SearchItemCollectionViewCell.swift */; };
		4F19E0D722F2B4F800266010 /* SearchItemCollectionViewCell.xib in Resources */ = {isa = PBXBuildFile; fileRef = 4F19E0D522F2B4F800266010 /* SearchItemCollectionViewCell.xib */; };
		4F1D9F8D22E5E366002184A2 /* RequestListViewController.swift in Sources */ = {isa = PBXBuildFile; fileRef = 4F1D9F8C22E5E366002184A2 /* RequestListViewController.swift */; };
		4F39B8DE22DB1B8D00AB3CD6 /* FriendCollectionViewCell.swift in Sources */ = {isa = PBXBuildFile; fileRef = 4F39B8DC22DB1B8D00AB3CD6 /* FriendCollectionViewCell.swift */; };
		4F39B8DF22DB1B8D00AB3CD6 /* FriendCollectionViewCell.xib in Resources */ = {isa = PBXBuildFile; fileRef = 4F39B8DD22DB1B8D00AB3CD6 /* FriendCollectionViewCell.xib */; };
		4F57F44822CA29CA0005526C /* VerificationBadgeViewController.swift in Sources */ = {isa = PBXBuildFile; fileRef = 4F57F44722CA29CA0005526C /* VerificationBadgeViewController.swift */; };
		4F645AE722FC44EC0003FC6F /* UserPostCollectionViewCell.swift in Sources */ = {isa = PBXBuildFile; fileRef = 4F645AE522FC44EC0003FC6F /* UserPostCollectionViewCell.swift */; };
		4F645AE822FC44EC0003FC6F /* UserPostCollectionViewCell.xib in Resources */ = {isa = PBXBuildFile; fileRef = 4F645AE622FC44EC0003FC6F /* UserPostCollectionViewCell.xib */; };
		4F761E0822BBE46C00238FB2 /* CellUserProfileSectionTableViewCell.swift in Sources */ = {isa = PBXBuildFile; fileRef = 4F761E0622BBE46C00238FB2 /* CellUserProfileSectionTableViewCell.swift */; };
		4F761E0922BBE46C00238FB2 /* CellUserProfileSectionTableViewCell.xib in Resources */ = {isa = PBXBuildFile; fileRef = 4F761E0722BBE46C00238FB2 /* CellUserProfileSectionTableViewCell.xib */; };
		4F7C982523069A1700A73DC9 /* CAShapeLayer+Extension.swift in Sources */ = {isa = PBXBuildFile; fileRef = 4F7C982423069A1700A73DC9 /* CAShapeLayer+Extension.swift */; };
		4FB102F522CB2FC100C10B00 /* EditProfileViewController.swift in Sources */ = {isa = PBXBuildFile; fileRef = 4FB102F422CB2FC100C10B00 /* EditProfileViewController.swift */; };
		4FBBB1E122C514400048A596 /* SettingsViewController.swift in Sources */ = {isa = PBXBuildFile; fileRef = 4FBBB1E022C514400048A596 /* SettingsViewController.swift */; };
		4FCF6A6722C73FA5006CB117 /* DataMapClass.swift in Sources */ = {isa = PBXBuildFile; fileRef = 4FCF6A6622C73FA5006CB117 /* DataMapClass.swift */; };
		4FE4983D22E88EB800B9FE04 /* WebViewController.swift in Sources */ = {isa = PBXBuildFile; fileRef = 4FE4983C22E88EB800B9FE04 /* WebViewController.swift */; };
		4FF671F122C2326100BB4AAF /* BaseViewController.swift in Sources */ = {isa = PBXBuildFile; fileRef = 4FF671F022C2326100BB4AAF /* BaseViewController.swift */; };
		7A20384923179FCF00366323 /* UserLike.swift in Sources */ = {isa = PBXBuildFile; fileRef = 7A20384823179FCF00366323 /* UserLike.swift */; };
		7A64AFF022B7A8C70078967A /* Date+Extension.swift in Sources */ = {isa = PBXBuildFile; fileRef = 7A64AFEF22B7A8C70078967A /* Date+Extension.swift */; };
		7AF03911229D35E500A0F74D /* UserItemCollectionViewCell.swift in Sources */ = {isa = PBXBuildFile; fileRef = 7AF0390F229D35E500A0F74D /* UserItemCollectionViewCell.swift */; };
		7AF03912229D35E500A0F74D /* UserItemCollectionViewCell.xib in Resources */ = {isa = PBXBuildFile; fileRef = 7AF03910229D35E500A0F74D /* UserItemCollectionViewCell.xib */; };
		7AF03915229D58CC00A0F74D /* CommentItemTableViewCell.swift in Sources */ = {isa = PBXBuildFile; fileRef = 7AF03913229D58CB00A0F74D /* CommentItemTableViewCell.swift */; };
		7AF03916229D58CC00A0F74D /* CommentItemTableViewCell.xib in Resources */ = {isa = PBXBuildFile; fileRef = 7AF03914229D58CC00A0F74D /* CommentItemTableViewCell.xib */; };
		7AF0391A229D5AE200A0F74D /* AllCommentsTableViewCell.swift in Sources */ = {isa = PBXBuildFile; fileRef = 7AF03918229D5AE200A0F74D /* AllCommentsTableViewCell.swift */; };
		7AF0391B229D5AE200A0F74D /* AllCommentsTableViewCell.xib in Resources */ = {isa = PBXBuildFile; fileRef = 7AF03919229D5AE200A0F74D /* AllCommentsTableViewCell.xib */; };
		7AF1CF97231A77A90015B620 /* LikeUserItemTableViewCell.swift in Sources */ = {isa = PBXBuildFile; fileRef = 7AF1CF95231A77A90015B620 /* LikeUserItemTableViewCell.swift */; };
		7AF1CF98231A77A90015B620 /* LikeUserItemTableViewCell.xib in Resources */ = {isa = PBXBuildFile; fileRef = 7AF1CF96231A77A90015B620 /* LikeUserItemTableViewCell.xib */; };
		7F05A9FF227866500079963D /* CoreAudio.framework in Frameworks */ = {isa = PBXBuildFile; fileRef = 7F05A9FD227866500079963D /* CoreAudio.framework */; };
		7F05AA00227866500079963D /* CoreAudioKit.framework in Frameworks */ = {isa = PBXBuildFile; fileRef = 7F05A9FE227866500079963D /* CoreAudioKit.framework */; };
		7F6D1224229516DF00CB7988 /* CameraAndVedioViewController.swift in Sources */ = {isa = PBXBuildFile; fileRef = 7F6D1223229516DF00CB7988 /* CameraAndVedioViewController.swift */; };
		7F6D122B2295173600CB7988 /* SwiftyCamButton.swift in Sources */ = {isa = PBXBuildFile; fileRef = 7F6D12262295173600CB7988 /* SwiftyCamButton.swift */; };
		7F6D122C2295173600CB7988 /* PreviewView.swift in Sources */ = {isa = PBXBuildFile; fileRef = 7F6D12272295173600CB7988 /* PreviewView.swift */; };
		7F6D122D2295173600CB7988 /* SwiftyCamViewController.swift in Sources */ = {isa = PBXBuildFile; fileRef = 7F6D12282295173600CB7988 /* SwiftyCamViewController.swift */; };
		7F6D122E2295173600CB7988 /* SwiftyCamViewControllerDelegate.swift in Sources */ = {isa = PBXBuildFile; fileRef = 7F6D12292295173600CB7988 /* SwiftyCamViewControllerDelegate.swift */; };
		7F6D122F2295173600CB7988 /* Orientation.swift in Sources */ = {isa = PBXBuildFile; fileRef = 7F6D122A2295173600CB7988 /* Orientation.swift */; };
		7F7F35BC226ED8B900BB9A27 /* HomeViewController.swift in Sources */ = {isa = PBXBuildFile; fileRef = 7F7F35BB226ED8B800BB9A27 /* HomeViewController.swift */; };
		7F7F9F6A2285B3B3004F85BD /* OTPViewController.swift in Sources */ = {isa = PBXBuildFile; fileRef = 7F7F9F662285B3B3004F85BD /* OTPViewController.swift */; };
		7F7F9F6B2285B3B3004F85BD /* MobileNumberAddVc.swift in Sources */ = {isa = PBXBuildFile; fileRef = 7F7F9F672285B3B3004F85BD /* MobileNumberAddVc.swift */; };
		7F7F9F6C2285B3B3004F85BD /* LoginViewController.swift in Sources */ = {isa = PBXBuildFile; fileRef = 7F7F9F682285B3B3004F85BD /* LoginViewController.swift */; };
		7F7F9F6D2285B3B3004F85BD /* RegisterViewController.swift in Sources */ = {isa = PBXBuildFile; fileRef = 7F7F9F692285B3B3004F85BD /* RegisterViewController.swift */; };
		7F7F9FCF2285BA37004F85BD /* FSPagerView.swift in Sources */ = {isa = PBXBuildFile; fileRef = 7F7F9FC62285BA37004F85BD /* FSPagerView.swift */; };
		7F7F9FD02285BA37004F85BD /* FSPageViewTransformer.swift in Sources */ = {isa = PBXBuildFile; fileRef = 7F7F9FC72285BA37004F85BD /* FSPageViewTransformer.swift */; };
		7F7F9FD12285BA37004F85BD /* FSPagerViewCell.swift in Sources */ = {isa = PBXBuildFile; fileRef = 7F7F9FC92285BA37004F85BD /* FSPagerViewCell.swift */; };
		7F7F9FD22285BA37004F85BD /* FSPagerViewLayoutAttributes.swift in Sources */ = {isa = PBXBuildFile; fileRef = 7F7F9FCA2285BA37004F85BD /* FSPagerViewLayoutAttributes.swift */; };
		7F7F9FD32285BA37004F85BD /* FSPageViewLayout.swift in Sources */ = {isa = PBXBuildFile; fileRef = 7F7F9FCB2285BA37004F85BD /* FSPageViewLayout.swift */; };
		7F7F9FD42285BA37004F85BD /* FSPageControl.swift in Sources */ = {isa = PBXBuildFile; fileRef = 7F7F9FCC2285BA37004F85BD /* FSPageControl.swift */; };
		7F7F9FD52285BA37004F85BD /* FSPagerViewObjcCompat.m in Sources */ = {isa = PBXBuildFile; fileRef = 7F7F9FCD2285BA37004F85BD /* FSPagerViewObjcCompat.m */; };
		7F7F9FD62285BA37004F85BD /* FSPagerCollectionView.swift in Sources */ = {isa = PBXBuildFile; fileRef = 7F7F9FCE2285BA37004F85BD /* FSPagerCollectionView.swift */; };
		7FB58947227B075E0062EE71 /* Photos.framework in Frameworks */ = {isa = PBXBuildFile; fileRef = 7FB58945227B075E0062EE71 /* Photos.framework */; };
		7FB58948227B075E0062EE71 /* PhotosUI.framework in Frameworks */ = {isa = PBXBuildFile; fileRef = 7FB58946227B075E0062EE71 /* PhotosUI.framework */; };
		7FBEFF5722926EF300350BD5 /* MONTSERRAT-MEDIUMITALIC.OTF in Resources */ = {isa = PBXBuildFile; fileRef = F73DD3CF2284620F0096A943 /* MONTSERRAT-MEDIUMITALIC.OTF */; };
		7FCCA6DC22644ADC00E8E9A1 /* AppDelegate.swift in Sources */ = {isa = PBXBuildFile; fileRef = 7FCCA6DB22644ADC00E8E9A1 /* AppDelegate.swift */; };
		7FCCA6E122644ADC00E8E9A1 /* Main.storyboard in Resources */ = {isa = PBXBuildFile; fileRef = 7FCCA6DF22644ADC00E8E9A1 /* Main.storyboard */; };
		7FCCA6E322644ADD00E8E9A1 /* Assets.xcassets in Resources */ = {isa = PBXBuildFile; fileRef = 7FCCA6E222644ADD00E8E9A1 /* Assets.xcassets */; };
		7FCCA6E622644ADD00E8E9A1 /* LaunchScreen.storyboard in Resources */ = {isa = PBXBuildFile; fileRef = 7FCCA6E422644ADD00E8E9A1 /* LaunchScreen.storyboard */; };
		7FEB0D4D2272CD36004594BE /* AVFoundation.framework in Frameworks */ = {isa = PBXBuildFile; fileRef = 7FEB0D4C2272CD35004594BE /* AVFoundation.framework */; };
		F73DD3B6228427580096A943 /* userProfileClass.swift in Sources */ = {isa = PBXBuildFile; fileRef = F73DD3B5228427580096A943 /* userProfileClass.swift */; };
		F73DD3BA228434D10096A943 /* cellUserProfilePost.swift in Sources */ = {isa = PBXBuildFile; fileRef = F73DD3B8228434D10096A943 /* cellUserProfilePost.swift */; };
		F73DD3BB228434D10096A943 /* cellUserProfilePost.xib in Resources */ = {isa = PBXBuildFile; fileRef = F73DD3B9228434D10096A943 /* cellUserProfilePost.xib */; };
		F73DD3F82284620F0096A943 /* MONTSERRAT-BOLD.OTF in Resources */ = {isa = PBXBuildFile; fileRef = F73DD3D02284620F0096A943 /* MONTSERRAT-BOLD.OTF */; };
		F73DD3F92284620F0096A943 /* MONTSERRAT-BLACKITALIC.OTF in Resources */ = {isa = PBXBuildFile; fileRef = F73DD3D12284620F0096A943 /* MONTSERRAT-BLACKITALIC.OTF */; };
		F73DD3FA2284620F0096A943 /* MONTSERRATALTERNATES-BLACK.OTF in Resources */ = {isa = PBXBuildFile; fileRef = F73DD3D22284620F0096A943 /* MONTSERRATALTERNATES-BLACK.OTF */; };
		F73DD3FB2284620F0096A943 /* MONTSERRATALTERNATES-LIGHTITALIC.OTF in Resources */ = {isa = PBXBuildFile; fileRef = F73DD3D32284620F0096A943 /* MONTSERRATALTERNATES-LIGHTITALIC.OTF */; };
		F73DD3FC2284620F0096A943 /* MONTSERRATALTERNATES-MEDIUM.OTF in Resources */ = {isa = PBXBuildFile; fileRef = F73DD3D42284620F0096A943 /* MONTSERRATALTERNATES-MEDIUM.OTF */; };
		F73DD3FD2284620F0096A943 /* MONTSERRAT-BOLDITALIC.OTF in Resources */ = {isa = PBXBuildFile; fileRef = F73DD3D52284620F0096A943 /* MONTSERRAT-BOLDITALIC.OTF */; };
		F73DD3FE2284620F0096A943 /* MONTSERRAT-LIGHT.OTF in Resources */ = {isa = PBXBuildFile; fileRef = F73DD3D62284620F0096A943 /* MONTSERRAT-LIGHT.OTF */; };
		F73DD3FF2284620F0096A943 /* MONTSERRAT-THINITALIC.OTF in Resources */ = {isa = PBXBuildFile; fileRef = F73DD3D72284620F0096A943 /* MONTSERRAT-THINITALIC.OTF */; };
		F73DD4002284620F0096A943 /* MONTSERRAT-THIN.OTF in Resources */ = {isa = PBXBuildFile; fileRef = F73DD3D82284620F0096A943 /* MONTSERRAT-THIN.OTF */; };
		F73DD4012284620F0096A943 /* MONTSERRATALTERNATES-MEDIUMITALIC.OTF in Resources */ = {isa = PBXBuildFile; fileRef = F73DD3D92284620F0096A943 /* MONTSERRATALTERNATES-MEDIUMITALIC.OTF */; };
		F73DD4022284620F0096A943 /* MONTSERRAT-EXTRALIGHT.OTF in Resources */ = {isa = PBXBuildFile; fileRef = F73DD3DA2284620F0096A943 /* MONTSERRAT-EXTRALIGHT.OTF */; };
		F73DD4032284620F0096A943 /* MONTSERRATALTERNATES-BLACKITALIC.OTF in Resources */ = {isa = PBXBuildFile; fileRef = F73DD3DB2284620F0096A943 /* MONTSERRATALTERNATES-BLACKITALIC.OTF */; };
		F73DD4042284620F0096A943 /* MONTSERRATALTERNATES-BOLD.OTF in Resources */ = {isa = PBXBuildFile; fileRef = F73DD3DC2284620F0096A943 /* MONTSERRATALTERNATES-BOLD.OTF */; };
		F73DD4052284620F0096A943 /* MONTSERRATALTERNATES-EXTRALIGHTITALIC.OTF in Resources */ = {isa = PBXBuildFile; fileRef = F73DD3DD2284620F0096A943 /* MONTSERRATALTERNATES-EXTRALIGHTITALIC.OTF */; };
		F73DD4062284620F0096A943 /* MONTSERRATALTERNATES-THIN.OTF in Resources */ = {isa = PBXBuildFile; fileRef = F73DD3DE2284620F0096A943 /* MONTSERRATALTERNATES-THIN.OTF */; };
		F73DD4072284620F0096A943 /* MONTSERRAT-ULTRALIGHT.OTF in Resources */ = {isa = PBXBuildFile; fileRef = F73DD3DF2284620F0096A943 /* MONTSERRAT-ULTRALIGHT.OTF */; };
		F73DD4082284620F0096A943 /* MONTSERRAT-LIGHTITALIC.OTF in Resources */ = {isa = PBXBuildFile; fileRef = F73DD3E02284620F0096A943 /* MONTSERRAT-LIGHTITALIC.OTF */; };
		F73DD4092284620F0096A943 /* MONTSERRAT-MEDIUM.OTF in Resources */ = {isa = PBXBuildFile; fileRef = F73DD3E12284620F0096A943 /* MONTSERRAT-MEDIUM.OTF */; };
		F73DD40A2284620F0096A943 /* MONTSERRATALTERNATES-SEMIBOLDITALIC.OTF in Resources */ = {isa = PBXBuildFile; fileRef = F73DD3E22284620F0096A943 /* MONTSERRATALTERNATES-SEMIBOLDITALIC.OTF */; };
		F73DD40B2284620F0096A943 /* MONTSERRAT-SEMIBOLDITALIC.OTF in Resources */ = {isa = PBXBuildFile; fileRef = F73DD3E32284620F0096A943 /* MONTSERRAT-SEMIBOLDITALIC.OTF */; };
		F73DD40C2284620F0096A943 /* MONTSERRAT-EXTRABOLDITALIC.OTF in Resources */ = {isa = PBXBuildFile; fileRef = F73DD3E42284620F0096A943 /* MONTSERRAT-EXTRABOLDITALIC.OTF */; };
		F73DD40D2284620F0096A943 /* MONTSERRAT-ITALIC.OTF in Resources */ = {isa = PBXBuildFile; fileRef = F73DD3E52284620F0096A943 /* MONTSERRAT-ITALIC.OTF */; };
		F73DD40E2284620F0096A943 /* MONTSERRATALTERNATES-SEMIBOLD.OTF in Resources */ = {isa = PBXBuildFile; fileRef = F73DD3E62284620F0096A943 /* MONTSERRATALTERNATES-SEMIBOLD.OTF */; };
		F73DD40F2284620F0096A943 /* MONTSERRAT-REGULAR.OTF in Resources */ = {isa = PBXBuildFile; fileRef = F73DD3E72284620F0096A943 /* MONTSERRAT-REGULAR.OTF */; };
		F73DD4102284620F0096A943 /* MONTSERRAT-SEMIBOLD_0.OTF in Resources */ = {isa = PBXBuildFile; fileRef = F73DD3E82284620F0096A943 /* MONTSERRAT-SEMIBOLD_0.OTF */; };
		F73DD4112284620F0096A943 /* MONTSERRATALTERNATES-EXTRABOLD.OTF in Resources */ = {isa = PBXBuildFile; fileRef = F73DD3E92284620F0096A943 /* MONTSERRATALTERNATES-EXTRABOLD.OTF */; };
		F73DD4122284620F0096A943 /* MONTSERRATALTERNATES-BOLDITALIC.OTF in Resources */ = {isa = PBXBuildFile; fileRef = F73DD3EA2284620F0096A943 /* MONTSERRATALTERNATES-BOLDITALIC.OTF */; };
		F73DD4132284620F0096A943 /* MONTSERRAT-EXTRABOLD.OTF in Resources */ = {isa = PBXBuildFile; fileRef = F73DD3EB2284620F0096A943 /* MONTSERRAT-EXTRABOLD.OTF */; };
		F73DD4142284620F0096A943 /* MONTSERRAT-EXTRALIGHTITALIC.OTF in Resources */ = {isa = PBXBuildFile; fileRef = F73DD3EC2284620F0096A943 /* MONTSERRAT-EXTRALIGHTITALIC.OTF */; };
		F73DD4152284620F0096A943 /* MONTSERRAT-EXTRABOLD_0.OTF in Resources */ = {isa = PBXBuildFile; fileRef = F73DD3ED2284620F0096A943 /* MONTSERRAT-EXTRABOLD_0.OTF */; };
		F73DD4162284620F0096A943 /* MONTSERRATALTERNATES-LIGHT.OTF in Resources */ = {isa = PBXBuildFile; fileRef = F73DD3EE2284620F0096A943 /* MONTSERRATALTERNATES-LIGHT.OTF */; };
		F73DD4172284620F0096A943 /* MONTSERRATALTERNATES-EXTRALIGHT.OTF in Resources */ = {isa = PBXBuildFile; fileRef = F73DD3EF2284620F0096A943 /* MONTSERRATALTERNATES-EXTRALIGHT.OTF */; };
		F73DD4182284620F0096A943 /* MONTSERRATALTERNATES-REGULAR.OTF in Resources */ = {isa = PBXBuildFile; fileRef = F73DD3F02284620F0096A943 /* MONTSERRATALTERNATES-REGULAR.OTF */; };
		F73DD4192284620F0096A943 /* MONTSERRATALTERNATES-THINITALIC.OTF in Resources */ = {isa = PBXBuildFile; fileRef = F73DD3F12284620F0096A943 /* MONTSERRATALTERNATES-THINITALIC.OTF */; };
		F73DD41A2284620F0096A943 /* MONTSERRAT-BLACK.OTF in Resources */ = {isa = PBXBuildFile; fileRef = F73DD3F22284620F0096A943 /* MONTSERRAT-BLACK.OTF */; };
		F73DD41B2284620F0096A943 /* MONTSERRAT-HAIRLINE.OTF in Resources */ = {isa = PBXBuildFile; fileRef = F73DD3F32284620F0096A943 /* MONTSERRAT-HAIRLINE.OTF */; };
		F73DD41C2284620F0096A943 /* MONTSERRATALTERNATES-EXTRABOLDITALIC.OTF in Resources */ = {isa = PBXBuildFile; fileRef = F73DD3F42284620F0096A943 /* MONTSERRATALTERNATES-EXTRABOLDITALIC.OTF */; };
		F73DD41D2284620F0096A943 /* MONTSERRATALTERNATES-ITALIC.OTF in Resources */ = {isa = PBXBuildFile; fileRef = F73DD3F52284620F0096A943 /* MONTSERRATALTERNATES-ITALIC.OTF */; };
		F73DD41E2284620F0096A943 /* MONTSERRAT-SEMIBOLD.OTF in Resources */ = {isa = PBXBuildFile; fileRef = F73DD3F62284620F0096A943 /* MONTSERRAT-SEMIBOLD.OTF */; };
		F7FB4EB92285442E00A390AE /* commentViewClass.swift in Sources */ = {isa = PBXBuildFile; fileRef = F7FB4EB82285442E00A390AE /* commentViewClass.swift */; };
		FAB8EC7164B4E7C87B245C75 /* Pods_SKROLLIE.framework in Frameworks */ = {isa = PBXBuildFile; fileRef = 0D75F296FEFF1AAE367C01FB /* Pods_SKROLLIE.framework */; };
/* End PBXBuildFile section */

/* Begin PBXFileReference section */
		0D75F296FEFF1AAE367C01FB /* Pods_SKROLLIE.framework */ = {isa = PBXFileReference; explicitFileType = wrapper.framework; includeInIndex = 0; path = Pods_SKROLLIE.framework; sourceTree = BUILT_PRODUCTS_DIR; };
		0ED298C3229BCDDE009A5C66 /* SelectedImageViewController.swift */ = {isa = PBXFileReference; lastKnownFileType = sourcecode.swift; path = SelectedImageViewController.swift; sourceTree = "<group>"; };
		0ED298C5229BECD4009A5C66 /* SelectedVideoViewController.swift */ = {isa = PBXFileReference; lastKnownFileType = sourcecode.swift; path = SelectedVideoViewController.swift; sourceTree = "<group>"; };
		345269EE22A7E450008B6613 /* Toast.swift */ = {isa = PBXFileReference; fileEncoding = 4; lastKnownFileType = sourcecode.swift; path = Toast.swift; sourceTree = "<group>"; };
		3486A86B22A661960053A1A1 /* PostModel.swift */ = {isa = PBXFileReference; lastKnownFileType = sourcecode.swift; path = PostModel.swift; sourceTree = "<group>"; };
		34C6C6AC22A69318009B1AE8 /* SRCountdownTimer.framework */ = {isa = PBXFileReference; explicitFileType = wrapper.framework; path = SRCountdownTimer.framework; sourceTree = BUILT_PRODUCTS_DIR; };
		34C6C6AE22A69320009B1AE8 /* AWSCore.framework */ = {isa = PBXFileReference; explicitFileType = wrapper.framework; path = AWSCore.framework; sourceTree = BUILT_PRODUCTS_DIR; };
		34C6C6B022A69338009B1AE8 /* SRCountdownTimer.framework */ = {isa = PBXFileReference; explicitFileType = wrapper.framework; path = SRCountdownTimer.framework; sourceTree = BUILT_PRODUCTS_DIR; };
		34C6C6B222A6947F009B1AE8 /* AWSCore.framework */ = {isa = PBXFileReference; explicitFileType = wrapper.framework; path = AWSCore.framework; sourceTree = BUILT_PRODUCTS_DIR; };
		34FC39F022A7A0F6009314D2 /* HomeTblCell.swift */ = {isa = PBXFileReference; lastKnownFileType = sourcecode.swift; path = HomeTblCell.swift; sourceTree = "<group>"; };
		34FC39F122A7A0F6009314D2 /* HomeTblCell.xib */ = {isa = PBXFileReference; lastKnownFileType = file.xib; path = HomeTblCell.xib; sourceTree = "<group>"; };
		34FC39F422A7ABF9009314D2 /* HomeCollectionsViewCell.swift */ = {isa = PBXFileReference; lastKnownFileType = sourcecode.swift; path = HomeCollectionsViewCell.swift; sourceTree = "<group>"; };
		34FC39F522A7ABF9009314D2 /* HomeCollectionsViewCell.xib */ = {isa = PBXFileReference; lastKnownFileType = file.xib; path = HomeCollectionsViewCell.xib; sourceTree = "<group>"; };
		41F5268037B75A4D715C8E9B /* Pods-SKROLLIE.debug.xcconfig */ = {isa = PBXFileReference; includeInIndex = 1; lastKnownFileType = text.xcconfig; name = "Pods-SKROLLIE.debug.xcconfig"; path = "Target Support Files/Pods-SKROLLIE/Pods-SKROLLIE.debug.xcconfig"; sourceTree = "<group>"; };
		4F0BCF8922D07FD00094A351 /* FriendListViewController.swift */ = {isa = PBXFileReference; lastKnownFileType = sourcecode.swift; path = FriendListViewController.swift; sourceTree = "<group>"; };
		4F0BCF8C22D081860094A351 /* FriendTableViewCell.swift */ = {isa = PBXFileReference; lastKnownFileType = sourcecode.swift; path = FriendTableViewCell.swift; sourceTree = "<group>"; };
		4F0BCF8D22D081860094A351 /* FriendTableViewCell.xib */ = {isa = PBXFileReference; lastKnownFileType = file.xib; path = FriendTableViewCell.xib; sourceTree = "<group>"; };
		4F0BCF9022D09F260094A351 /* UserFriendList.swift */ = {isa = PBXFileReference; lastKnownFileType = sourcecode.swift; path = UserFriendList.swift; sourceTree = "<group>"; };
		4F0BCF9322D0B2800094A351 /* BlockListViewController.swift */ = {isa = PBXFileReference; lastKnownFileType = sourcecode.swift; path = BlockListViewController.swift; sourceTree = "<group>"; };
		4F0F20FB22B762A1002F69A7 /* CollectionType+Extension.swift */ = {isa = PBXFileReference; fileEncoding = 4; lastKnownFileType = sourcecode.swift; path = "CollectionType+Extension.swift"; sourceTree = "<group>"; };
		4F0F20FC22B762A1002F69A7 /* SkyFloatingLabelTextField+Extension.swift */ = {isa = PBXFileReference; fileEncoding = 4; lastKnownFileType = sourcecode.swift; path = "SkyFloatingLabelTextField+Extension.swift"; sourceTree = "<group>"; };
		4F0F20FD22B762A1002F69A7 /* String+Extension.swift */ = {isa = PBXFileReference; fileEncoding = 4; lastKnownFileType = sourcecode.swift; path = "String+Extension.swift"; sourceTree = "<group>"; };
		4F0F20FE22B762A1002F69A7 /* SVPinView+Extension.swift */ = {isa = PBXFileReference; fileEncoding = 4; lastKnownFileType = sourcecode.swift; path = "SVPinView+Extension.swift"; sourceTree = "<group>"; };
		4F0F20FF22B762A1002F69A7 /* UIButton+Extension.swift */ = {isa = PBXFileReference; fileEncoding = 4; lastKnownFileType = sourcecode.swift; path = "UIButton+Extension.swift"; sourceTree = "<group>"; };
		4F0F210022B762A1002F69A7 /* UIColor+Extension.swift */ = {isa = PBXFileReference; fileEncoding = 4; lastKnownFileType = sourcecode.swift; path = "UIColor+Extension.swift"; sourceTree = "<group>"; };
		4F0F210122B762A1002F69A7 /* UIImage+Extension.swift */ = {isa = PBXFileReference; fileEncoding = 4; lastKnownFileType = sourcecode.swift; path = "UIImage+Extension.swift"; sourceTree = "<group>"; };
		4F0F210222B762A1002F69A7 /* UINavigationBar+Extension.swift */ = {isa = PBXFileReference; fileEncoding = 4; lastKnownFileType = sourcecode.swift; path = "UINavigationBar+Extension.swift"; sourceTree = "<group>"; };
		4F0F210322B762A1002F69A7 /* UITextField+Extensions.swift */ = {isa = PBXFileReference; fileEncoding = 4; lastKnownFileType = sourcecode.swift; path = "UITextField+Extensions.swift"; sourceTree = "<group>"; };
		4F0F210422B762A1002F69A7 /* UIView+Extensions.swift */ = {isa = PBXFileReference; fileEncoding = 4; lastKnownFileType = sourcecode.swift; path = "UIView+Extensions.swift"; sourceTree = "<group>"; };
		4F0F210522B762A1002F69A7 /* UIViewController+Extension.swift */ = {isa = PBXFileReference; fileEncoding = 4; lastKnownFileType = sourcecode.swift; path = "UIViewController+Extension.swift"; sourceTree = "<group>"; };
		4F0F211222B762E1002F69A7 /* UIFont+Extension.swift */ = {isa = PBXFileReference; lastKnownFileType = sourcecode.swift; path = "UIFont+Extension.swift"; sourceTree = "<group>"; };
		4F0F211422B7633C002F69A7 /* UIScrollView+Extension.swift */ = {isa = PBXFileReference; lastKnownFileType = sourcecode.swift; path = "UIScrollView+Extension.swift"; sourceTree = "<group>"; };
		4F0F211622B76391002F69A7 /* UIImageView+Extension.swift */ = {isa = PBXFileReference; lastKnownFileType = sourcecode.swift; path = "UIImageView+Extension.swift"; sourceTree = "<group>"; };
		4F0F211822B764F7002F69A7 /* UITableView+Extension.swift */ = {isa = PBXFileReference; lastKnownFileType = sourcecode.swift; path = "UITableView+Extension.swift"; sourceTree = "<group>"; };
		4F0F211B22B76C4C002F69A7 /* Utility.swift */ = {isa = PBXFileReference; fileEncoding = 4; lastKnownFileType = sourcecode.swift; path = Utility.swift; sourceTree = "<group>"; };
		4F0F212322B76C4C002F69A7 /* APIClient.swift */ = {isa = PBXFileReference; fileEncoding = 4; lastKnownFileType = sourcecode.swift; path = APIClient.swift; sourceTree = "<group>"; };
		4F0F212422B76C4C002F69A7 /* ApiManager.swift */ = {isa = PBXFileReference; fileEncoding = 4; lastKnownFileType = sourcecode.swift; path = ApiManager.swift; sourceTree = "<group>"; };
		4F0F212522B76C4C002F69A7 /* HeaderRequestParameter.swift */ = {isa = PBXFileReference; fileEncoding = 4; lastKnownFileType = sourcecode.swift; path = HeaderRequestParameter.swift; sourceTree = "<group>"; };
		4F0F212622B76C4C002F69A7 /* ParameterRequest.swift */ = {isa = PBXFileReference; fileEncoding = 4; lastKnownFileType = sourcecode.swift; path = ParameterRequest.swift; sourceTree = "<group>"; };
		4F0F212822B76C4D002F69A7 /* DataSelectionTableViewCell.swift */ = {isa = PBXFileReference; fileEncoding = 4; lastKnownFileType = sourcecode.swift; path = DataSelectionTableViewCell.swift; sourceTree = "<group>"; };
		4F0F212922B76C4D002F69A7 /* DataSelectionTableViewCell.xib */ = {isa = PBXFileReference; fileEncoding = 4; lastKnownFileType = file.xib; path = DataSelectionTableViewCell.xib; sourceTree = "<group>"; };
		4F0F212A22B76C4D002F69A7 /* DataSelectionView.swift */ = {isa = PBXFileReference; fileEncoding = 4; lastKnownFileType = sourcecode.swift; path = DataSelectionView.swift; sourceTree = "<group>"; };
		4F0F212B22B76C4D002F69A7 /* DataSelectionView.xib */ = {isa = PBXFileReference; fileEncoding = 4; lastKnownFileType = file.xib; path = DataSelectionView.xib; sourceTree = "<group>"; };
		4F0F213B22B76CDC002F69A7 /* GlobalConstants.swift */ = {isa = PBXFileReference; fileEncoding = 4; lastKnownFileType = sourcecode.swift; path = GlobalConstants.swift; sourceTree = "<group>"; };
		4F0F213C22B76CDC002F69A7 /* GlobalFunctions.swift */ = {isa = PBXFileReference; fileEncoding = 4; lastKnownFileType = sourcecode.swift; path = GlobalFunctions.swift; sourceTree = "<group>"; };
		4F0F213E22B76CDC002F69A7 /* AppPrefsManager.swift */ = {isa = PBXFileReference; fileEncoding = 4; lastKnownFileType = sourcecode.swift; path = AppPrefsManager.swift; sourceTree = "<group>"; };
		4F0F214322B76F18002F69A7 /* ResponseDataModel.swift */ = {isa = PBXFileReference; fileEncoding = 4; lastKnownFileType = sourcecode.swift; path = ResponseDataModel.swift; sourceTree = "<group>"; };
		4F0F214722B79283002F69A7 /* LoginModel.swift */ = {isa = PBXFileReference; lastKnownFileType = sourcecode.swift; name = LoginModel.swift; path = ../Preferences/LoginModel.swift; sourceTree = "<group>"; };
		4F1443D422F41537006407C5 /* ForgotPasswordViewController.swift */ = {isa = PBXFileReference; lastKnownFileType = sourcecode.swift; path = ForgotPasswordViewController.swift; sourceTree = "<group>"; };
		4F188C0922D3258200D340A1 /* DropDown.h */ = {isa = PBXFileReference; fileEncoding = 4; lastKnownFileType = sourcecode.c.h; path = DropDown.h; sourceTree = "<group>"; };
		4F188C0B22D3258200D340A1 /* DPDConstants.swift */ = {isa = PBXFileReference; fileEncoding = 4; lastKnownFileType = sourcecode.swift; path = DPDConstants.swift; sourceTree = "<group>"; };
		4F188C0C22D3258200D340A1 /* DPDKeyboardListener.swift */ = {isa = PBXFileReference; fileEncoding = 4; lastKnownFileType = sourcecode.swift; path = DPDKeyboardListener.swift; sourceTree = "<group>"; };
		4F188C0D22D3258200D340A1 /* DPDUIView+Extension.swift */ = {isa = PBXFileReference; fileEncoding = 4; lastKnownFileType = sourcecode.swift; path = "DPDUIView+Extension.swift"; sourceTree = "<group>"; };
		4F188C0F22D3258200D340A1 /* DropDownCell.xib */ = {isa = PBXFileReference; fileEncoding = 4; lastKnownFileType = file.xib; path = DropDownCell.xib; sourceTree = "<group>"; };
		4F188C1122D3258200D340A1 /* DropDown+Appearance.swift */ = {isa = PBXFileReference; fileEncoding = 4; lastKnownFileType = sourcecode.swift; path = "DropDown+Appearance.swift"; sourceTree = "<group>"; };
		4F188C1222D3258200D340A1 /* DropDown.swift */ = {isa = PBXFileReference; fileEncoding = 4; lastKnownFileType = sourcecode.swift; path = DropDown.swift; sourceTree = "<group>"; };
		4F188C1322D3258200D340A1 /* DropDownCell.swift */ = {isa = PBXFileReference; fileEncoding = 4; lastKnownFileType = sourcecode.swift; path = DropDownCell.swift; sourceTree = "<group>"; };
		4F19C0EA22C5047500D12A1B /* UserProfileModel.swift */ = {isa = PBXFileReference; lastKnownFileType = sourcecode.swift; path = UserProfileModel.swift; sourceTree = "<group>"; };
		4F19E0D122F2AB6C00266010 /* SearchViewController.swift */ = {isa = PBXFileReference; lastKnownFileType = sourcecode.swift; path = SearchViewController.swift; sourceTree = "<group>"; };
		4F19E0D422F2B4F800266010 /* SearchItemCollectionViewCell.swift */ = {isa = PBXFileReference; lastKnownFileType = sourcecode.swift; path = SearchItemCollectionViewCell.swift; sourceTree = "<group>"; };
		4F19E0D522F2B4F800266010 /* SearchItemCollectionViewCell.xib */ = {isa = PBXFileReference; lastKnownFileType = file.xib; path = SearchItemCollectionViewCell.xib; sourceTree = "<group>"; };
		4F1D9F8C22E5E366002184A2 /* RequestListViewController.swift */ = {isa = PBXFileReference; lastKnownFileType = sourcecode.swift; path = RequestListViewController.swift; sourceTree = "<group>"; };
		4F39B8DC22DB1B8D00AB3CD6 /* FriendCollectionViewCell.swift */ = {isa = PBXFileReference; lastKnownFileType = sourcecode.swift; path = FriendCollectionViewCell.swift; sourceTree = "<group>"; };
		4F39B8DD22DB1B8D00AB3CD6 /* FriendCollectionViewCell.xib */ = {isa = PBXFileReference; lastKnownFileType = file.xib; path = FriendCollectionViewCell.xib; sourceTree = "<group>"; };
		4F57F44722CA29CA0005526C /* VerificationBadgeViewController.swift */ = {isa = PBXFileReference; lastKnownFileType = sourcecode.swift; path = VerificationBadgeViewController.swift; sourceTree = "<group>"; };
		4F645AE522FC44EC0003FC6F /* UserPostCollectionViewCell.swift */ = {isa = PBXFileReference; lastKnownFileType = sourcecode.swift; path = UserPostCollectionViewCell.swift; sourceTree = "<group>"; };
		4F645AE622FC44EC0003FC6F /* UserPostCollectionViewCell.xib */ = {isa = PBXFileReference; lastKnownFileType = file.xib; path = UserPostCollectionViewCell.xib; sourceTree = "<group>"; };
		4F761E0622BBE46C00238FB2 /* CellUserProfileSectionTableViewCell.swift */ = {isa = PBXFileReference; lastKnownFileType = sourcecode.swift; path = CellUserProfileSectionTableViewCell.swift; sourceTree = "<group>"; };
		4F761E0722BBE46C00238FB2 /* CellUserProfileSectionTableViewCell.xib */ = {isa = PBXFileReference; lastKnownFileType = file.xib; path = CellUserProfileSectionTableViewCell.xib; sourceTree = "<group>"; };
		4F7C982423069A1700A73DC9 /* CAShapeLayer+Extension.swift */ = {isa = PBXFileReference; lastKnownFileType = sourcecode.swift; path = "CAShapeLayer+Extension.swift"; sourceTree = "<group>"; };
		4FB102F422CB2FC100C10B00 /* EditProfileViewController.swift */ = {isa = PBXFileReference; lastKnownFileType = sourcecode.swift; path = EditProfileViewController.swift; sourceTree = "<group>"; };
		4FBBB1E022C514400048A596 /* SettingsViewController.swift */ = {isa = PBXFileReference; lastKnownFileType = sourcecode.swift; path = SettingsViewController.swift; sourceTree = "<group>"; };
		4FCF6A6622C73FA5006CB117 /* DataMapClass.swift */ = {isa = PBXFileReference; lastKnownFileType = sourcecode.swift; path = DataMapClass.swift; sourceTree = "<group>"; };
		4FE4983C22E88EB800B9FE04 /* WebViewController.swift */ = {isa = PBXFileReference; lastKnownFileType = sourcecode.swift; path = WebViewController.swift; sourceTree = "<group>"; };
		4FF671F022C2326100BB4AAF /* BaseViewController.swift */ = {isa = PBXFileReference; lastKnownFileType = sourcecode.swift; path = BaseViewController.swift; sourceTree = "<group>"; };
		650F1A1C6DEC2114ACAB6E2B /* Pods_SKROLLIEUITests.framework */ = {isa = PBXFileReference; explicitFileType = wrapper.framework; includeInIndex = 0; path = Pods_SKROLLIEUITests.framework; sourceTree = BUILT_PRODUCTS_DIR; };
		7A20384823179FCF00366323 /* UserLike.swift */ = {isa = PBXFileReference; lastKnownFileType = sourcecode.swift; path = UserLike.swift; sourceTree = "<group>"; };
		7A64AFEF22B7A8C70078967A /* Date+Extension.swift */ = {isa = PBXFileReference; lastKnownFileType = sourcecode.swift; path = "Date+Extension.swift"; sourceTree = "<group>"; };
		7AF0390F229D35E500A0F74D /* UserItemCollectionViewCell.swift */ = {isa = PBXFileReference; lastKnownFileType = sourcecode.swift; path = UserItemCollectionViewCell.swift; sourceTree = "<group>"; };
		7AF03910229D35E500A0F74D /* UserItemCollectionViewCell.xib */ = {isa = PBXFileReference; lastKnownFileType = file.xib; path = UserItemCollectionViewCell.xib; sourceTree = "<group>"; };
		7AF03913229D58CB00A0F74D /* CommentItemTableViewCell.swift */ = {isa = PBXFileReference; lastKnownFileType = sourcecode.swift; path = CommentItemTableViewCell.swift; sourceTree = "<group>"; };
		7AF03914229D58CC00A0F74D /* CommentItemTableViewCell.xib */ = {isa = PBXFileReference; lastKnownFileType = file.xib; path = CommentItemTableViewCell.xib; sourceTree = "<group>"; };
		7AF03918229D5AE200A0F74D /* AllCommentsTableViewCell.swift */ = {isa = PBXFileReference; lastKnownFileType = sourcecode.swift; path = AllCommentsTableViewCell.swift; sourceTree = "<group>"; };
		7AF03919229D5AE200A0F74D /* AllCommentsTableViewCell.xib */ = {isa = PBXFileReference; lastKnownFileType = file.xib; path = AllCommentsTableViewCell.xib; sourceTree = "<group>"; };
		7AF1CF95231A77A90015B620 /* LikeUserItemTableViewCell.swift */ = {isa = PBXFileReference; lastKnownFileType = sourcecode.swift; path = LikeUserItemTableViewCell.swift; sourceTree = "<group>"; };
		7AF1CF96231A77A90015B620 /* LikeUserItemTableViewCell.xib */ = {isa = PBXFileReference; lastKnownFileType = file.xib; path = LikeUserItemTableViewCell.xib; sourceTree = "<group>"; };
		7F05A9FD227866500079963D /* CoreAudio.framework */ = {isa = PBXFileReference; lastKnownFileType = wrapper.framework; name = CoreAudio.framework; path = System/Library/Frameworks/CoreAudio.framework; sourceTree = SDKROOT; };
		7F05A9FE227866500079963D /* CoreAudioKit.framework */ = {isa = PBXFileReference; lastKnownFileType = wrapper.framework; name = CoreAudioKit.framework; path = System/Library/Frameworks/CoreAudioKit.framework; sourceTree = SDKROOT; };
		7F2DA18E2265981500630D3E /* SKROLLIE.entitlements */ = {isa = PBXFileReference; lastKnownFileType = text.plist.entitlements; path = SKROLLIE.entitlements; sourceTree = "<group>"; };
		7F6D1223229516DF00CB7988 /* CameraAndVedioViewController.swift */ = {isa = PBXFileReference; lastKnownFileType = sourcecode.swift; path = CameraAndVedioViewController.swift; sourceTree = "<group>"; };
		7F6D12262295173600CB7988 /* SwiftyCamButton.swift */ = {isa = PBXFileReference; fileEncoding = 4; lastKnownFileType = sourcecode.swift; path = SwiftyCamButton.swift; sourceTree = "<group>"; };
		7F6D12272295173600CB7988 /* PreviewView.swift */ = {isa = PBXFileReference; fileEncoding = 4; lastKnownFileType = sourcecode.swift; path = PreviewView.swift; sourceTree = "<group>"; };
		7F6D12282295173600CB7988 /* SwiftyCamViewController.swift */ = {isa = PBXFileReference; fileEncoding = 4; lastKnownFileType = sourcecode.swift; path = SwiftyCamViewController.swift; sourceTree = "<group>"; };
		7F6D12292295173600CB7988 /* SwiftyCamViewControllerDelegate.swift */ = {isa = PBXFileReference; fileEncoding = 4; lastKnownFileType = sourcecode.swift; path = SwiftyCamViewControllerDelegate.swift; sourceTree = "<group>"; };
		7F6D122A2295173600CB7988 /* Orientation.swift */ = {isa = PBXFileReference; fileEncoding = 4; lastKnownFileType = sourcecode.swift; path = Orientation.swift; sourceTree = "<group>"; };
		7F7F35BB226ED8B800BB9A27 /* HomeViewController.swift */ = {isa = PBXFileReference; lastKnownFileType = sourcecode.swift; path = HomeViewController.swift; sourceTree = "<group>"; };
		7F7F9F662285B3B3004F85BD /* OTPViewController.swift */ = {isa = PBXFileReference; fileEncoding = 4; lastKnownFileType = sourcecode.swift; path = OTPViewController.swift; sourceTree = "<group>"; };
		7F7F9F672285B3B3004F85BD /* MobileNumberAddVc.swift */ = {isa = PBXFileReference; fileEncoding = 4; lastKnownFileType = sourcecode.swift; path = MobileNumberAddVc.swift; sourceTree = "<group>"; };
		7F7F9F682285B3B3004F85BD /* LoginViewController.swift */ = {isa = PBXFileReference; fileEncoding = 4; lastKnownFileType = sourcecode.swift; path = LoginViewController.swift; sourceTree = "<group>"; };
		7F7F9F692285B3B3004F85BD /* RegisterViewController.swift */ = {isa = PBXFileReference; fileEncoding = 4; lastKnownFileType = sourcecode.swift; path = RegisterViewController.swift; sourceTree = "<group>"; };
		7F7F9FC62285BA37004F85BD /* FSPagerView.swift */ = {isa = PBXFileReference; fileEncoding = 4; lastKnownFileType = sourcecode.swift; path = FSPagerView.swift; sourceTree = "<group>"; };
		7F7F9FC72285BA37004F85BD /* FSPageViewTransformer.swift */ = {isa = PBXFileReference; fileEncoding = 4; lastKnownFileType = sourcecode.swift; path = FSPageViewTransformer.swift; sourceTree = "<group>"; };
		7F7F9FC82285BA37004F85BD /* FSPagerViewObjcCompat.h */ = {isa = PBXFileReference; fileEncoding = 4; lastKnownFileType = sourcecode.c.h; path = FSPagerViewObjcCompat.h; sourceTree = "<group>"; };
		7F7F9FC92285BA37004F85BD /* FSPagerViewCell.swift */ = {isa = PBXFileReference; fileEncoding = 4; lastKnownFileType = sourcecode.swift; path = FSPagerViewCell.swift; sourceTree = "<group>"; };
		7F7F9FCA2285BA37004F85BD /* FSPagerViewLayoutAttributes.swift */ = {isa = PBXFileReference; fileEncoding = 4; lastKnownFileType = sourcecode.swift; path = FSPagerViewLayoutAttributes.swift; sourceTree = "<group>"; };
		7F7F9FCB2285BA37004F85BD /* FSPageViewLayout.swift */ = {isa = PBXFileReference; fileEncoding = 4; lastKnownFileType = sourcecode.swift; path = FSPageViewLayout.swift; sourceTree = "<group>"; };
		7F7F9FCC2285BA37004F85BD /* FSPageControl.swift */ = {isa = PBXFileReference; fileEncoding = 4; lastKnownFileType = sourcecode.swift; path = FSPageControl.swift; sourceTree = "<group>"; };
		7F7F9FCD2285BA37004F85BD /* FSPagerViewObjcCompat.m */ = {isa = PBXFileReference; fileEncoding = 4; lastKnownFileType = sourcecode.c.objc; path = FSPagerViewObjcCompat.m; sourceTree = "<group>"; };
		7F7F9FCE2285BA37004F85BD /* FSPagerCollectionView.swift */ = {isa = PBXFileReference; fileEncoding = 4; lastKnownFileType = sourcecode.swift; path = FSPagerCollectionView.swift; sourceTree = "<group>"; };
		7FB58945227B075E0062EE71 /* Photos.framework */ = {isa = PBXFileReference; lastKnownFileType = wrapper.framework; name = Photos.framework; path = System/Library/Frameworks/Photos.framework; sourceTree = SDKROOT; };
		7FB58946227B075E0062EE71 /* PhotosUI.framework */ = {isa = PBXFileReference; lastKnownFileType = wrapper.framework; name = PhotosUI.framework; path = System/Library/Frameworks/PhotosUI.framework; sourceTree = SDKROOT; };
		7FCCA6D822644ADC00E8E9A1 /* SKROLLIE.app */ = {isa = PBXFileReference; explicitFileType = wrapper.application; includeInIndex = 0; path = SKROLLIE.app; sourceTree = BUILT_PRODUCTS_DIR; };
		7FCCA6DB22644ADC00E8E9A1 /* AppDelegate.swift */ = {isa = PBXFileReference; lastKnownFileType = sourcecode.swift; path = AppDelegate.swift; sourceTree = "<group>"; };
		7FCCA6E022644ADC00E8E9A1 /* Base */ = {isa = PBXFileReference; lastKnownFileType = file.storyboard; name = Base; path = Base.lproj/Main.storyboard; sourceTree = "<group>"; };
		7FCCA6E222644ADD00E8E9A1 /* Assets.xcassets */ = {isa = PBXFileReference; lastKnownFileType = folder.assetcatalog; path = Assets.xcassets; sourceTree = "<group>"; };
		7FCCA6E522644ADD00E8E9A1 /* Base */ = {isa = PBXFileReference; lastKnownFileType = file.storyboard; name = Base; path = Base.lproj/LaunchScreen.storyboard; sourceTree = "<group>"; };
		7FCCA6E722644ADD00E8E9A1 /* Info.plist */ = {isa = PBXFileReference; lastKnownFileType = text.plist.xml; path = Info.plist; sourceTree = "<group>"; };
		7FEB0D4C2272CD35004594BE /* AVFoundation.framework */ = {isa = PBXFileReference; lastKnownFileType = wrapper.framework; name = AVFoundation.framework; path = System/Library/Frameworks/AVFoundation.framework; sourceTree = SDKROOT; };
		7FEB0D4E2272CE47004594BE /* SRCountdownTimer.framework */ = {isa = PBXFileReference; explicitFileType = wrapper.framework; path = SRCountdownTimer.framework; sourceTree = BUILT_PRODUCTS_DIR; };
		94D2A5B36E55AF4CB07E4AD3 /* Pods-SKROLLIE.release.xcconfig */ = {isa = PBXFileReference; includeInIndex = 1; lastKnownFileType = text.xcconfig; name = "Pods-SKROLLIE.release.xcconfig"; path = "Target Support Files/Pods-SKROLLIE/Pods-SKROLLIE.release.xcconfig"; sourceTree = "<group>"; };
		F73DD3B5228427580096A943 /* userProfileClass.swift */ = {isa = PBXFileReference; lastKnownFileType = sourcecode.swift; path = userProfileClass.swift; sourceTree = "<group>"; };
		F73DD3B8228434D10096A943 /* cellUserProfilePost.swift */ = {isa = PBXFileReference; lastKnownFileType = sourcecode.swift; path = cellUserProfilePost.swift; sourceTree = "<group>"; };
		F73DD3B9228434D10096A943 /* cellUserProfilePost.xib */ = {isa = PBXFileReference; lastKnownFileType = file.xib; path = cellUserProfilePost.xib; sourceTree = "<group>"; };
		F73DD3CF2284620F0096A943 /* MONTSERRAT-MEDIUMITALIC.OTF */ = {isa = PBXFileReference; lastKnownFileType = file; path = "MONTSERRAT-MEDIUMITALIC.OTF"; sourceTree = "<group>"; };
		F73DD3D02284620F0096A943 /* MONTSERRAT-BOLD.OTF */ = {isa = PBXFileReference; lastKnownFileType = file; path = "MONTSERRAT-BOLD.OTF"; sourceTree = "<group>"; };
		F73DD3D12284620F0096A943 /* MONTSERRAT-BLACKITALIC.OTF */ = {isa = PBXFileReference; lastKnownFileType = file; path = "MONTSERRAT-BLACKITALIC.OTF"; sourceTree = "<group>"; };
		F73DD3D22284620F0096A943 /* MONTSERRATALTERNATES-BLACK.OTF */ = {isa = PBXFileReference; lastKnownFileType = file; path = "MONTSERRATALTERNATES-BLACK.OTF"; sourceTree = "<group>"; };
		F73DD3D32284620F0096A943 /* MONTSERRATALTERNATES-LIGHTITALIC.OTF */ = {isa = PBXFileReference; lastKnownFileType = file; path = "MONTSERRATALTERNATES-LIGHTITALIC.OTF"; sourceTree = "<group>"; };
		F73DD3D42284620F0096A943 /* MONTSERRATALTERNATES-MEDIUM.OTF */ = {isa = PBXFileReference; lastKnownFileType = file; path = "MONTSERRATALTERNATES-MEDIUM.OTF"; sourceTree = "<group>"; };
		F73DD3D52284620F0096A943 /* MONTSERRAT-BOLDITALIC.OTF */ = {isa = PBXFileReference; lastKnownFileType = file; path = "MONTSERRAT-BOLDITALIC.OTF"; sourceTree = "<group>"; };
		F73DD3D62284620F0096A943 /* MONTSERRAT-LIGHT.OTF */ = {isa = PBXFileReference; lastKnownFileType = file; path = "MONTSERRAT-LIGHT.OTF"; sourceTree = "<group>"; };
		F73DD3D72284620F0096A943 /* MONTSERRAT-THINITALIC.OTF */ = {isa = PBXFileReference; lastKnownFileType = file; path = "MONTSERRAT-THINITALIC.OTF"; sourceTree = "<group>"; };
		F73DD3D82284620F0096A943 /* MONTSERRAT-THIN.OTF */ = {isa = PBXFileReference; lastKnownFileType = file; path = "MONTSERRAT-THIN.OTF"; sourceTree = "<group>"; };
		F73DD3D92284620F0096A943 /* MONTSERRATALTERNATES-MEDIUMITALIC.OTF */ = {isa = PBXFileReference; lastKnownFileType = file; path = "MONTSERRATALTERNATES-MEDIUMITALIC.OTF"; sourceTree = "<group>"; };
		F73DD3DA2284620F0096A943 /* MONTSERRAT-EXTRALIGHT.OTF */ = {isa = PBXFileReference; lastKnownFileType = file; path = "MONTSERRAT-EXTRALIGHT.OTF"; sourceTree = "<group>"; };
		F73DD3DB2284620F0096A943 /* MONTSERRATALTERNATES-BLACKITALIC.OTF */ = {isa = PBXFileReference; lastKnownFileType = file; path = "MONTSERRATALTERNATES-BLACKITALIC.OTF"; sourceTree = "<group>"; };
		F73DD3DC2284620F0096A943 /* MONTSERRATALTERNATES-BOLD.OTF */ = {isa = PBXFileReference; lastKnownFileType = file; path = "MONTSERRATALTERNATES-BOLD.OTF"; sourceTree = "<group>"; };
		F73DD3DD2284620F0096A943 /* MONTSERRATALTERNATES-EXTRALIGHTITALIC.OTF */ = {isa = PBXFileReference; lastKnownFileType = file; path = "MONTSERRATALTERNATES-EXTRALIGHTITALIC.OTF"; sourceTree = "<group>"; };
		F73DD3DE2284620F0096A943 /* MONTSERRATALTERNATES-THIN.OTF */ = {isa = PBXFileReference; lastKnownFileType = file; path = "MONTSERRATALTERNATES-THIN.OTF"; sourceTree = "<group>"; };
		F73DD3DF2284620F0096A943 /* MONTSERRAT-ULTRALIGHT.OTF */ = {isa = PBXFileReference; lastKnownFileType = file; path = "MONTSERRAT-ULTRALIGHT.OTF"; sourceTree = "<group>"; };
		F73DD3E02284620F0096A943 /* MONTSERRAT-LIGHTITALIC.OTF */ = {isa = PBXFileReference; lastKnownFileType = file; path = "MONTSERRAT-LIGHTITALIC.OTF"; sourceTree = "<group>"; };
		F73DD3E12284620F0096A943 /* MONTSERRAT-MEDIUM.OTF */ = {isa = PBXFileReference; lastKnownFileType = file; path = "MONTSERRAT-MEDIUM.OTF"; sourceTree = "<group>"; };
		F73DD3E22284620F0096A943 /* MONTSERRATALTERNATES-SEMIBOLDITALIC.OTF */ = {isa = PBXFileReference; lastKnownFileType = file; path = "MONTSERRATALTERNATES-SEMIBOLDITALIC.OTF"; sourceTree = "<group>"; };
		F73DD3E32284620F0096A943 /* MONTSERRAT-SEMIBOLDITALIC.OTF */ = {isa = PBXFileReference; lastKnownFileType = file; path = "MONTSERRAT-SEMIBOLDITALIC.OTF"; sourceTree = "<group>"; };
		F73DD3E42284620F0096A943 /* MONTSERRAT-EXTRABOLDITALIC.OTF */ = {isa = PBXFileReference; lastKnownFileType = file; path = "MONTSERRAT-EXTRABOLDITALIC.OTF"; sourceTree = "<group>"; };
		F73DD3E52284620F0096A943 /* MONTSERRAT-ITALIC.OTF */ = {isa = PBXFileReference; lastKnownFileType = file; path = "MONTSERRAT-ITALIC.OTF"; sourceTree = "<group>"; };
		F73DD3E62284620F0096A943 /* MONTSERRATALTERNATES-SEMIBOLD.OTF */ = {isa = PBXFileReference; lastKnownFileType = file; path = "MONTSERRATALTERNATES-SEMIBOLD.OTF"; sourceTree = "<group>"; };
		F73DD3E72284620F0096A943 /* MONTSERRAT-REGULAR.OTF */ = {isa = PBXFileReference; lastKnownFileType = file; path = "MONTSERRAT-REGULAR.OTF"; sourceTree = "<group>"; };
		F73DD3E82284620F0096A943 /* MONTSERRAT-SEMIBOLD_0.OTF */ = {isa = PBXFileReference; lastKnownFileType = file; path = "MONTSERRAT-SEMIBOLD_0.OTF"; sourceTree = "<group>"; };
		F73DD3E92284620F0096A943 /* MONTSERRATALTERNATES-EXTRABOLD.OTF */ = {isa = PBXFileReference; lastKnownFileType = file; path = "MONTSERRATALTERNATES-EXTRABOLD.OTF"; sourceTree = "<group>"; };
		F73DD3EA2284620F0096A943 /* MONTSERRATALTERNATES-BOLDITALIC.OTF */ = {isa = PBXFileReference; lastKnownFileType = file; path = "MONTSERRATALTERNATES-BOLDITALIC.OTF"; sourceTree = "<group>"; };
		F73DD3EB2284620F0096A943 /* MONTSERRAT-EXTRABOLD.OTF */ = {isa = PBXFileReference; lastKnownFileType = file; path = "MONTSERRAT-EXTRABOLD.OTF"; sourceTree = "<group>"; };
		F73DD3EC2284620F0096A943 /* MONTSERRAT-EXTRALIGHTITALIC.OTF */ = {isa = PBXFileReference; lastKnownFileType = file; path = "MONTSERRAT-EXTRALIGHTITALIC.OTF"; sourceTree = "<group>"; };
		F73DD3ED2284620F0096A943 /* MONTSERRAT-EXTRABOLD_0.OTF */ = {isa = PBXFileReference; lastKnownFileType = file; path = "MONTSERRAT-EXTRABOLD_0.OTF"; sourceTree = "<group>"; };
		F73DD3EE2284620F0096A943 /* MONTSERRATALTERNATES-LIGHT.OTF */ = {isa = PBXFileReference; lastKnownFileType = file; path = "MONTSERRATALTERNATES-LIGHT.OTF"; sourceTree = "<group>"; };
		F73DD3EF2284620F0096A943 /* MONTSERRATALTERNATES-EXTRALIGHT.OTF */ = {isa = PBXFileReference; lastKnownFileType = file; path = "MONTSERRATALTERNATES-EXTRALIGHT.OTF"; sourceTree = "<group>"; };
		F73DD3F02284620F0096A943 /* MONTSERRATALTERNATES-REGULAR.OTF */ = {isa = PBXFileReference; lastKnownFileType = file; path = "MONTSERRATALTERNATES-REGULAR.OTF"; sourceTree = "<group>"; };
		F73DD3F12284620F0096A943 /* MONTSERRATALTERNATES-THINITALIC.OTF */ = {isa = PBXFileReference; lastKnownFileType = file; path = "MONTSERRATALTERNATES-THINITALIC.OTF"; sourceTree = "<group>"; };
		F73DD3F22284620F0096A943 /* MONTSERRAT-BLACK.OTF */ = {isa = PBXFileReference; lastKnownFileType = file; path = "MONTSERRAT-BLACK.OTF"; sourceTree = "<group>"; };
		F73DD3F32284620F0096A943 /* MONTSERRAT-HAIRLINE.OTF */ = {isa = PBXFileReference; lastKnownFileType = file; path = "MONTSERRAT-HAIRLINE.OTF"; sourceTree = "<group>"; };
		F73DD3F42284620F0096A943 /* MONTSERRATALTERNATES-EXTRABOLDITALIC.OTF */ = {isa = PBXFileReference; lastKnownFileType = file; path = "MONTSERRATALTERNATES-EXTRABOLDITALIC.OTF"; sourceTree = "<group>"; };
		F73DD3F52284620F0096A943 /* MONTSERRATALTERNATES-ITALIC.OTF */ = {isa = PBXFileReference; lastKnownFileType = file; path = "MONTSERRATALTERNATES-ITALIC.OTF"; sourceTree = "<group>"; };
		F73DD3F62284620F0096A943 /* MONTSERRAT-SEMIBOLD.OTF */ = {isa = PBXFileReference; lastKnownFileType = file; path = "MONTSERRAT-SEMIBOLD.OTF"; sourceTree = "<group>"; };
		F7FB4EB82285442E00A390AE /* commentViewClass.swift */ = {isa = PBXFileReference; lastKnownFileType = sourcecode.swift; path = commentViewClass.swift; sourceTree = "<group>"; };
		FB521D5038E81AB50F2A8EB6 /* Pods_SKROLLIETests.framework */ = {isa = PBXFileReference; explicitFileType = wrapper.framework; includeInIndex = 0; path = Pods_SKROLLIETests.framework; sourceTree = BUILT_PRODUCTS_DIR; };
/* End PBXFileReference section */

/* Begin PBXFrameworksBuildPhase section */
		7FCCA6D522644ADB00E8E9A1 /* Frameworks */ = {
			isa = PBXFrameworksBuildPhase;
			buildActionMask = 2147483647;
			files = (
				34C6C6B122A69338009B1AE8 /* SRCountdownTimer.framework in Frameworks */,
				7FB58947227B075E0062EE71 /* Photos.framework in Frameworks */,
				7FB58948227B075E0062EE71 /* PhotosUI.framework in Frameworks */,
				7F05A9FF227866500079963D /* CoreAudio.framework in Frameworks */,
				7F05AA00227866500079963D /* CoreAudioKit.framework in Frameworks */,
				7FEB0D4D2272CD36004594BE /* AVFoundation.framework in Frameworks */,
				FAB8EC7164B4E7C87B245C75 /* Pods_SKROLLIE.framework in Frameworks */,
			);
			runOnlyForDeploymentPostprocessing = 0;
		};
/* End PBXFrameworksBuildPhase section */

/* Begin PBXGroup section */
		0E19045D229BCD18005DEA7B /* SelectedImageVideo */ = {
			isa = PBXGroup;
			children = (
				0ED298C3229BCDDE009A5C66 /* SelectedImageViewController.swift */,
				0ED298C5229BECD4009A5C66 /* SelectedVideoViewController.swift */,
			);
			path = SelectedImageVideo;
			sourceTree = "<group>";
		};
		107B1C5D245F74CFFF45AE0F /* Pods */ = {
			isa = PBXGroup;
			children = (
				41F5268037B75A4D715C8E9B /* Pods-SKROLLIE.debug.xcconfig */,
				94D2A5B36E55AF4CB07E4AD3 /* Pods-SKROLLIE.release.xcconfig */,
			);
			path = Pods;
			sourceTree = "<group>";
		};
		4F0BCF8822D07FA60094A351 /* Friend */ = {
			isa = PBXGroup;
			children = (
				4F0BCF8B22D081540094A351 /* CustomClass */,
				4F0BCF8922D07FD00094A351 /* FriendListViewController.swift */,
				4F1D9F8C22E5E366002184A2 /* RequestListViewController.swift */,
			);
			path = Friend;
			sourceTree = "<group>";
		};
		4F0BCF8B22D081540094A351 /* CustomClass */ = {
			isa = PBXGroup;
			children = (
				4F0BCF8C22D081860094A351 /* FriendTableViewCell.swift */,
				4F0BCF8D22D081860094A351 /* FriendTableViewCell.xib */,
				4F39B8DC22DB1B8D00AB3CD6 /* FriendCollectionViewCell.swift */,
				4F39B8DD22DB1B8D00AB3CD6 /* FriendCollectionViewCell.xib */,
			);
			path = CustomClass;
			sourceTree = "<group>";
		};
		4F0BCF9222D0B2440094A351 /* BlockList */ = {
			isa = PBXGroup;
			children = (
				4F0BCF9322D0B2800094A351 /* BlockListViewController.swift */,
			);
			name = BlockList;
			path = Settings/BlockList;
			sourceTree = "<group>";
		};
		4F0F20F922B762A1002F69A7 /* Extensions */ = {
			isa = PBXGroup;
			children = (
				4F0F20FB22B762A1002F69A7 /* CollectionType+Extension.swift */,
				4F0F20FC22B762A1002F69A7 /* SkyFloatingLabelTextField+Extension.swift */,
				4F0F20FD22B762A1002F69A7 /* String+Extension.swift */,
				4F0F20FE22B762A1002F69A7 /* SVPinView+Extension.swift */,
				4F0F20FF22B762A1002F69A7 /* UIButton+Extension.swift */,
				4F0F210022B762A1002F69A7 /* UIColor+Extension.swift */,
				4F0F210122B762A1002F69A7 /* UIImage+Extension.swift */,
				4F0F210222B762A1002F69A7 /* UINavigationBar+Extension.swift */,
				4F0F210322B762A1002F69A7 /* UITextField+Extensions.swift */,
				4F0F210422B762A1002F69A7 /* UIView+Extensions.swift */,
				4F0F210522B762A1002F69A7 /* UIViewController+Extension.swift */,
				4F0F211222B762E1002F69A7 /* UIFont+Extension.swift */,
				4F0F211422B7633C002F69A7 /* UIScrollView+Extension.swift */,
				4F0F211622B76391002F69A7 /* UIImageView+Extension.swift */,
				4F0F211822B764F7002F69A7 /* UITableView+Extension.swift */,
				7A64AFEF22B7A8C70078967A /* Date+Extension.swift */,
				4F7C982423069A1700A73DC9 /* CAShapeLayer+Extension.swift */,
			);
			path = Extensions;
			sourceTree = "<group>";
		};
		4F0F211A22B76BE4002F69A7 /* Helpers */ = {
			isa = PBXGroup;
			children = (
				4F188C0822D3258200D340A1 /* DropDown */,
				4F0F212722B76C4D002F69A7 /* DataSelectionView */,
				4F0F212222B76C4C002F69A7 /* Networking */,
				4F0F211B22B76C4C002F69A7 /* Utility.swift */,
			);
			path = Helpers;
			sourceTree = "<group>";
		};
		4F0F212222B76C4C002F69A7 /* Networking */ = {
			isa = PBXGroup;
			children = (
				4F0F212322B76C4C002F69A7 /* APIClient.swift */,
				4F0F212422B76C4C002F69A7 /* ApiManager.swift */,
				4F0F212522B76C4C002F69A7 /* HeaderRequestParameter.swift */,
				4F0F212622B76C4C002F69A7 /* ParameterRequest.swift */,
			);
			path = Networking;
			sourceTree = "<group>";
		};
		4F0F212722B76C4D002F69A7 /* DataSelectionView */ = {
			isa = PBXGroup;
			children = (
				4F0F212822B76C4D002F69A7 /* DataSelectionTableViewCell.swift */,
				4F0F212922B76C4D002F69A7 /* DataSelectionTableViewCell.xib */,
				4F0F212A22B76C4D002F69A7 /* DataSelectionView.swift */,
				4F0F212B22B76C4D002F69A7 /* DataSelectionView.xib */,
			);
			path = DataSelectionView;
			sourceTree = "<group>";
		};
		4F0F213A22B76CDC002F69A7 /* Globals */ = {
			isa = PBXGroup;
			children = (
				4F0F213B22B76CDC002F69A7 /* GlobalConstants.swift */,
				4F0F213C22B76CDC002F69A7 /* GlobalFunctions.swift */,
			);
			path = Globals;
			sourceTree = "<group>";
		};
		4F0F213D22B76CDC002F69A7 /* Preferences */ = {
			isa = PBXGroup;
			children = (
				4F0F213E22B76CDC002F69A7 /* AppPrefsManager.swift */,
			);
			path = Preferences;
			sourceTree = "<group>";
		};
		4F0F214222B76EFC002F69A7 /* Model */ = {
			isa = PBXGroup;
			children = (
				4FCF6A6622C73FA5006CB117 /* DataMapClass.swift */,
				4F0F214322B76F18002F69A7 /* ResponseDataModel.swift */,
				4F0F214722B79283002F69A7 /* LoginModel.swift */,
				4F0BCF9022D09F260094A351 /* UserFriendList.swift */,
				3486A86B22A661960053A1A1 /* PostModel.swift */,
				4F19C0EA22C5047500D12A1B /* UserProfileModel.swift */,
				7A20384823179FCF00366323 /* UserLike.swift */,
			);
			path = Model;
			sourceTree = "<group>";
		};
		4F1443D322F411D9006407C5 /* ForgotPassword */ = {
			isa = PBXGroup;
			children = (
				4F1443D422F41537006407C5 /* ForgotPasswordViewController.swift */,
			);
			path = ForgotPassword;
			sourceTree = "<group>";
		};
		4F188C0822D3258200D340A1 /* DropDown */ = {
			isa = PBXGroup;
			children = (
				4F188C0922D3258200D340A1 /* DropDown.h */,
				4F188C0A22D3258200D340A1 /* helpers */,
				4F188C0E22D3258200D340A1 /* resources */,
				4F188C1022D3258200D340A1 /* src */,
			);
			path = DropDown;
			sourceTree = "<group>";
		};
		4F188C0A22D3258200D340A1 /* helpers */ = {
			isa = PBXGroup;
			children = (
				4F188C0B22D3258200D340A1 /* DPDConstants.swift */,
				4F188C0C22D3258200D340A1 /* DPDKeyboardListener.swift */,
				4F188C0D22D3258200D340A1 /* DPDUIView+Extension.swift */,
			);
			path = helpers;
			sourceTree = "<group>";
		};
		4F188C0E22D3258200D340A1 /* resources */ = {
			isa = PBXGroup;
			children = (
				4F188C0F22D3258200D340A1 /* DropDownCell.xib */,
			);
			path = resources;
			sourceTree = "<group>";
		};
		4F188C1022D3258200D340A1 /* src */ = {
			isa = PBXGroup;
			children = (
				4F188C1122D3258200D340A1 /* DropDown+Appearance.swift */,
				4F188C1222D3258200D340A1 /* DropDown.swift */,
				4F188C1322D3258200D340A1 /* DropDownCell.swift */,
			);
			path = src;
			sourceTree = "<group>";
		};
		4F19C0EC22C5138F00D12A1B /* Settings */ = {
			isa = PBXGroup;
			children = (
				4FBBB1E022C514400048A596 /* SettingsViewController.swift */,
				4F57F44722CA29CA0005526C /* VerificationBadgeViewController.swift */,
			);
			path = Settings;
			sourceTree = "<group>";
		};
		4F19E0D322F2B4DC00266010 /* CustomCell */ = {
			isa = PBXGroup;
			children = (
				4F19E0D422F2B4F800266010 /* SearchItemCollectionViewCell.swift */,
				4F19E0D522F2B4F800266010 /* SearchItemCollectionViewCell.xib */,
			);
			path = CustomCell;
			sourceTree = "<group>";
		};
		4F1CDDC422F2A953003D3934 /* Search */ = {
			isa = PBXGroup;
			children = (
				4F19E0D122F2AB6C00266010 /* SearchViewController.swift */,
				4F19E0D322F2B4DC00266010 /* CustomCell */,
			);
			path = Search;
			sourceTree = "<group>";
		};
		4F25DAD722FAA817001A350C /* UserComment */ = {
			isa = PBXGroup;
			children = (
				F7FB4EB82285442E00A390AE /* commentViewClass.swift */,
				7AF03917229D5AC000A0F74D /* CustomCells */,
			);
			path = UserComment;
			sourceTree = "<group>";
		};
		4FE4983B22E88E9900B9FE04 /* WebView */ = {
			isa = PBXGroup;
			children = (
				4FE4983C22E88EB800B9FE04 /* WebViewController.swift */,
			);
			path = WebView;
			sourceTree = "<group>";
		};
		5C9C780D07D6B5FDCA370840 /* Frameworks */ = {
			isa = PBXGroup;
			children = (
				34C6C6B222A6947F009B1AE8 /* AWSCore.framework */,
				34C6C6B022A69338009B1AE8 /* SRCountdownTimer.framework */,
				34C6C6AE22A69320009B1AE8 /* AWSCore.framework */,
				34C6C6AC22A69318009B1AE8 /* SRCountdownTimer.framework */,
				7FB58945227B075E0062EE71 /* Photos.framework */,
				7FB58946227B075E0062EE71 /* PhotosUI.framework */,
				7F05A9FD227866500079963D /* CoreAudio.framework */,
				7F05A9FE227866500079963D /* CoreAudioKit.framework */,
				7FEB0D4E2272CE47004594BE /* SRCountdownTimer.framework */,
				7FEB0D4C2272CD35004594BE /* AVFoundation.framework */,
				0D75F296FEFF1AAE367C01FB /* Pods_SKROLLIE.framework */,
				FB521D5038E81AB50F2A8EB6 /* Pods_SKROLLIETests.framework */,
				650F1A1C6DEC2114ACAB6E2B /* Pods_SKROLLIEUITests.framework */,
			);
			name = Frameworks;
			sourceTree = "<group>";
		};
		7AF03917229D5AC000A0F74D /* CustomCells */ = {
			isa = PBXGroup;
			children = (
				7AF03913229D58CB00A0F74D /* CommentItemTableViewCell.swift */,
				7AF03914229D58CC00A0F74D /* CommentItemTableViewCell.xib */,
				7AF03918229D5AE200A0F74D /* AllCommentsTableViewCell.swift */,
				7AF03919229D5AE200A0F74D /* AllCommentsTableViewCell.xib */,
				7AF0390F229D35E500A0F74D /* UserItemCollectionViewCell.swift */,
				7AF03910229D35E500A0F74D /* UserItemCollectionViewCell.xib */,
				4F645AE522FC44EC0003FC6F /* UserPostCollectionViewCell.swift */,
				4F645AE622FC44EC0003FC6F /* UserPostCollectionViewCell.xib */,
				7AF1CF95231A77A90015B620 /* LikeUserItemTableViewCell.swift */,
				7AF1CF96231A77A90015B620 /* LikeUserItemTableViewCell.xib */,
			);
			path = CustomCells;
			sourceTree = "<group>";
		};
		7F1EA73E2270415A009D2EF5 /* Home */ = {
			isa = PBXGroup;
			children = (
				7F7F35BB226ED8B800BB9A27 /* HomeViewController.swift */,
				7F841DE62294321B008A4D18 /* cell */,
			);
			path = Home;
			sourceTree = "<group>";
		};
		7F6D12222295169900CB7988 /* CameraAndVedio */ = {
			isa = PBXGroup;
			children = (
				7F6D1223229516DF00CB7988 /* CameraAndVedioViewController.swift */,
			);
			path = CameraAndVedio;
			sourceTree = "<group>";
		};
		7F6D12252295173600CB7988 /* CameraAndVedio */ = {
			isa = PBXGroup;
			children = (
				7F6D12262295173600CB7988 /* SwiftyCamButton.swift */,
				7F6D12272295173600CB7988 /* PreviewView.swift */,
				7F6D12282295173600CB7988 /* SwiftyCamViewController.swift */,
				7F6D12292295173600CB7988 /* SwiftyCamViewControllerDelegate.swift */,
				7F6D122A2295173600CB7988 /* Orientation.swift */,
			);
			path = CameraAndVedio;
			sourceTree = "<group>";
		};
		7F71355F2264689600E30429 /* ViewController */ = {
			isa = PBXGroup;
			children = (
				7FCCA6DB22644ADC00E8E9A1 /* AppDelegate.swift */,
				4FF671F022C2326100BB4AAF /* BaseViewController.swift */,
				4F1443D322F411D9006407C5 /* ForgotPassword */,
				4F1CDDC422F2A953003D3934 /* Search */,
				0E19045D229BCD18005DEA7B /* SelectedImageVideo */,
				7F7F9F652285B3B3004F85BD /* Login Register Otp */,
				7F6D12222295169900CB7988 /* CameraAndVedio */,
				7F1EA73E2270415A009D2EF5 /* Home */,
				F73DD3B42284273A0096A943 /* Profile */,
				4F25DAD722FAA817001A350C /* UserComment */,
				4F0BCF9222D0B2440094A351 /* BlockList */,
				4F19C0EC22C5138F00D12A1B /* Settings */,
				4F0BCF8822D07FA60094A351 /* Friend */,
				4FE4983B22E88E9900B9FE04 /* WebView */,
			);
			path = ViewController;
			sourceTree = "<group>";
		};
		7F7F9F652285B3B3004F85BD /* Login Register Otp */ = {
			isa = PBXGroup;
			children = (
				7F7F9F662285B3B3004F85BD /* OTPViewController.swift */,
				7F7F9F672285B3B3004F85BD /* MobileNumberAddVc.swift */,
				7F7F9F682285B3B3004F85BD /* LoginViewController.swift */,
				7F7F9F692285B3B3004F85BD /* RegisterViewController.swift */,
			);
			path = "Login Register Otp";
			sourceTree = "<group>";
		};
		7F7F9F6E2285B3E5004F85BD /* CustomClass */ = {
			isa = PBXGroup;
			children = (
				345269EE22A7E450008B6613 /* Toast.swift */,
				F73DD3CD228461FE0096A943 /* Resources */,
				7F7F9FC52285BA37004F85BD /* Sources */,
				7F6D12252295173600CB7988 /* CameraAndVedio */,
			);
			path = CustomClass;
			sourceTree = "<group>";
		};
		7F7F9FC52285BA37004F85BD /* Sources */ = {
			isa = PBXGroup;
			children = (
				7F7F9FC62285BA37004F85BD /* FSPagerView.swift */,
				7F7F9FC72285BA37004F85BD /* FSPageViewTransformer.swift */,
				7F7F9FC82285BA37004F85BD /* FSPagerViewObjcCompat.h */,
				7F7F9FC92285BA37004F85BD /* FSPagerViewCell.swift */,
				7F7F9FCA2285BA37004F85BD /* FSPagerViewLayoutAttributes.swift */,
				7F7F9FCB2285BA37004F85BD /* FSPageViewLayout.swift */,
				7F7F9FCC2285BA37004F85BD /* FSPageControl.swift */,
				7F7F9FCD2285BA37004F85BD /* FSPagerViewObjcCompat.m */,
				7F7F9FCE2285BA37004F85BD /* FSPagerCollectionView.swift */,
			);
			path = Sources;
			sourceTree = "<group>";
		};
		7F841DE62294321B008A4D18 /* cell */ = {
			isa = PBXGroup;
			children = (
				34FC39F022A7A0F6009314D2 /* HomeTblCell.swift */,
				34FC39F122A7A0F6009314D2 /* HomeTblCell.xib */,
				34FC39F422A7ABF9009314D2 /* HomeCollectionsViewCell.swift */,
				34FC39F522A7ABF9009314D2 /* HomeCollectionsViewCell.xib */,
			);
			path = cell;
			sourceTree = "<group>";
		};
		7FCCA6CF22644ADB00E8E9A1 = {
			isa = PBXGroup;
			children = (
				7FCCA6DA22644ADC00E8E9A1 /* SKROLLIE */,
				7FCCA6D922644ADC00E8E9A1 /* Products */,
				107B1C5D245F74CFFF45AE0F /* Pods */,
				5C9C780D07D6B5FDCA370840 /* Frameworks */,
			);
			sourceTree = "<group>";
		};
		7FCCA6D922644ADC00E8E9A1 /* Products */ = {
			isa = PBXGroup;
			children = (
				7FCCA6D822644ADC00E8E9A1 /* SKROLLIE.app */,
			);
			name = Products;
			sourceTree = "<group>";
		};
		7FCCA6DA22644ADC00E8E9A1 /* SKROLLIE */ = {
			isa = PBXGroup;
			children = (
				7F2DA18E2265981500630D3E /* SKROLLIE.entitlements */,
				7FCCA6DF22644ADC00E8E9A1 /* Main.storyboard */,
				7FCCA6E222644ADD00E8E9A1 /* Assets.xcassets */,
				7FCCA6E422644ADD00E8E9A1 /* LaunchScreen.storyboard */,
				7FCCA6E722644ADD00E8E9A1 /* Info.plist */,
				4F0F211A22B76BE4002F69A7 /* Helpers */,
				4F0F213A22B76CDC002F69A7 /* Globals */,
				4F0F213D22B76CDC002F69A7 /* Preferences */,
				4F0F214222B76EFC002F69A7 /* Model */,
				7F71355F2264689600E30429 /* ViewController */,
				7F7F9F6E2285B3E5004F85BD /* CustomClass */,
				4F0F20F922B762A1002F69A7 /* Extensions */,
			);
			path = SKROLLIE;
			sourceTree = "<group>";
		};
		F73DD3B42284273A0096A943 /* Profile */ = {
			isa = PBXGroup;
			children = (
				F73DD3B5228427580096A943 /* userProfileClass.swift */,
				4FB102F422CB2FC100C10B00 /* EditProfileViewController.swift */,
				F73DD3B7228432FE0096A943 /* cells */,
			);
			path = Profile;
			sourceTree = "<group>";
		};
		F73DD3B7228432FE0096A943 /* cells */ = {
			isa = PBXGroup;
			children = (
				F73DD3B8228434D10096A943 /* cellUserProfilePost.swift */,
				F73DD3B9228434D10096A943 /* cellUserProfilePost.xib */,
				4F761E0622BBE46C00238FB2 /* CellUserProfileSectionTableViewCell.swift */,
				4F761E0722BBE46C00238FB2 /* CellUserProfileSectionTableViewCell.xib */,
			);
			path = cells;
			sourceTree = "<group>";
		};
		F73DD3CD228461FE0096A943 /* Resources */ = {
			isa = PBXGroup;
			children = (
				F73DD3CE2284620F0096A943 /* font */,
			);
			path = Resources;
			sourceTree = "<group>";
		};
		F73DD3CE2284620F0096A943 /* font */ = {
			isa = PBXGroup;
			children = (
				F73DD3CF2284620F0096A943 /* MONTSERRAT-MEDIUMITALIC.OTF */,
				F73DD3D02284620F0096A943 /* MONTSERRAT-BOLD.OTF */,
				F73DD3D12284620F0096A943 /* MONTSERRAT-BLACKITALIC.OTF */,
				F73DD3D22284620F0096A943 /* MONTSERRATALTERNATES-BLACK.OTF */,
				F73DD3D32284620F0096A943 /* MONTSERRATALTERNATES-LIGHTITALIC.OTF */,
				F73DD3D42284620F0096A943 /* MONTSERRATALTERNATES-MEDIUM.OTF */,
				F73DD3D52284620F0096A943 /* MONTSERRAT-BOLDITALIC.OTF */,
				F73DD3D62284620F0096A943 /* MONTSERRAT-LIGHT.OTF */,
				F73DD3D72284620F0096A943 /* MONTSERRAT-THINITALIC.OTF */,
				F73DD3D82284620F0096A943 /* MONTSERRAT-THIN.OTF */,
				F73DD3D92284620F0096A943 /* MONTSERRATALTERNATES-MEDIUMITALIC.OTF */,
				F73DD3DA2284620F0096A943 /* MONTSERRAT-EXTRALIGHT.OTF */,
				F73DD3DB2284620F0096A943 /* MONTSERRATALTERNATES-BLACKITALIC.OTF */,
				F73DD3DC2284620F0096A943 /* MONTSERRATALTERNATES-BOLD.OTF */,
				F73DD3DD2284620F0096A943 /* MONTSERRATALTERNATES-EXTRALIGHTITALIC.OTF */,
				F73DD3DE2284620F0096A943 /* MONTSERRATALTERNATES-THIN.OTF */,
				F73DD3DF2284620F0096A943 /* MONTSERRAT-ULTRALIGHT.OTF */,
				F73DD3E02284620F0096A943 /* MONTSERRAT-LIGHTITALIC.OTF */,
				F73DD3E12284620F0096A943 /* MONTSERRAT-MEDIUM.OTF */,
				F73DD3E22284620F0096A943 /* MONTSERRATALTERNATES-SEMIBOLDITALIC.OTF */,
				F73DD3E32284620F0096A943 /* MONTSERRAT-SEMIBOLDITALIC.OTF */,
				F73DD3E42284620F0096A943 /* MONTSERRAT-EXTRABOLDITALIC.OTF */,
				F73DD3E52284620F0096A943 /* MONTSERRAT-ITALIC.OTF */,
				F73DD3E62284620F0096A943 /* MONTSERRATALTERNATES-SEMIBOLD.OTF */,
				F73DD3E72284620F0096A943 /* MONTSERRAT-REGULAR.OTF */,
				F73DD3E82284620F0096A943 /* MONTSERRAT-SEMIBOLD_0.OTF */,
				F73DD3E92284620F0096A943 /* MONTSERRATALTERNATES-EXTRABOLD.OTF */,
				F73DD3EA2284620F0096A943 /* MONTSERRATALTERNATES-BOLDITALIC.OTF */,
				F73DD3EB2284620F0096A943 /* MONTSERRAT-EXTRABOLD.OTF */,
				F73DD3EC2284620F0096A943 /* MONTSERRAT-EXTRALIGHTITALIC.OTF */,
				F73DD3ED2284620F0096A943 /* MONTSERRAT-EXTRABOLD_0.OTF */,
				F73DD3EE2284620F0096A943 /* MONTSERRATALTERNATES-LIGHT.OTF */,
				F73DD3EF2284620F0096A943 /* MONTSERRATALTERNATES-EXTRALIGHT.OTF */,
				F73DD3F02284620F0096A943 /* MONTSERRATALTERNATES-REGULAR.OTF */,
				F73DD3F12284620F0096A943 /* MONTSERRATALTERNATES-THINITALIC.OTF */,
				F73DD3F22284620F0096A943 /* MONTSERRAT-BLACK.OTF */,
				F73DD3F32284620F0096A943 /* MONTSERRAT-HAIRLINE.OTF */,
				F73DD3F42284620F0096A943 /* MONTSERRATALTERNATES-EXTRABOLDITALIC.OTF */,
				F73DD3F52284620F0096A943 /* MONTSERRATALTERNATES-ITALIC.OTF */,
				F73DD3F62284620F0096A943 /* MONTSERRAT-SEMIBOLD.OTF */,
			);
			path = font;
			sourceTree = "<group>";
		};
/* End PBXGroup section */

/* Begin PBXNativeTarget section */
		7FCCA6D722644ADB00E8E9A1 /* SKROLLIE */ = {
			isa = PBXNativeTarget;
			buildConfigurationList = 7FCCA70022644ADE00E8E9A1 /* Build configuration list for PBXNativeTarget "SKROLLIE" */;
			buildPhases = (
				1BD68A3350E3FF0948420BF6 /* [CP] Check Pods Manifest.lock */,
				7FCCA6D422644ADB00E8E9A1 /* Sources */,
				7FCCA6D522644ADB00E8E9A1 /* Frameworks */,
				7FCCA6D622644ADB00E8E9A1 /* Resources */,
				4ED0405BF4094C59886AE53E /* [CP] Embed Pods Frameworks */,
			);
			buildRules = (
			);
			dependencies = (
			);
			name = SKROLLIE;
			productName = SKROLLIE;
			productReference = 7FCCA6D822644ADC00E8E9A1 /* SKROLLIE.app */;
			productType = "com.apple.product-type.application";
		};
/* End PBXNativeTarget section */

/* Begin PBXProject section */
		7FCCA6D022644ADB00E8E9A1 /* Project object */ = {
			isa = PBXProject;
			attributes = {
				KnownAssetTags = (
					New,
				);
				LastSwiftUpdateCheck = 1020;
				LastUpgradeCheck = 1020;
				ORGANIZATIONNAME = "Dhaval Bhanderi";
				TargetAttributes = {
					7FCCA6D722644ADB00E8E9A1 = {
						CreatedOnToolsVersion = 10.2;
						SystemCapabilities = {
							com.apple.Push = {
								enabled = 1;
							};
						};
					};
				};
			};
			buildConfigurationList = 7FCCA6D322644ADB00E8E9A1 /* Build configuration list for PBXProject "SKROLLIE" */;
			compatibilityVersion = "Xcode 9.3";
			developmentRegion = en;
			hasScannedForEncodings = 0;
			knownRegions = (
				en,
				Base,
			);
			mainGroup = 7FCCA6CF22644ADB00E8E9A1;
			productRefGroup = 7FCCA6D922644ADC00E8E9A1 /* Products */;
			projectDirPath = "";
			projectRoot = "";
			targets = (
				7FCCA6D722644ADB00E8E9A1 /* SKROLLIE */,
			);
		};
/* End PBXProject section */

/* Begin PBXResourcesBuildPhase section */
		7FCCA6D622644ADB00E8E9A1 /* Resources */ = {
			isa = PBXResourcesBuildPhase;
			buildActionMask = 2147483647;
			files = (
				F73DD41B2284620F0096A943 /* MONTSERRAT-HAIRLINE.OTF in Resources */,
				F73DD3F92284620F0096A943 /* MONTSERRAT-BLACKITALIC.OTF in Resources */,
				4F19E0D722F2B4F800266010 /* SearchItemCollectionViewCell.xib in Resources */,
				7AF03916229D58CC00A0F74D /* CommentItemTableViewCell.xib in Resources */,
				F73DD4112284620F0096A943 /* MONTSERRATALTERNATES-EXTRABOLD.OTF in Resources */,
				7AF03912229D35E500A0F74D /* UserItemCollectionViewCell.xib in Resources */,
				4F0F213922B76C4D002F69A7 /* DataSelectionView.xib in Resources */,
				7FBEFF5722926EF300350BD5 /* MONTSERRAT-MEDIUMITALIC.OTF in Resources */,
				4F0BCF8F22D081860094A351 /* FriendTableViewCell.xib in Resources */,
				F73DD41D2284620F0096A943 /* MONTSERRATALTERNATES-ITALIC.OTF in Resources */,
				34FC39F722A7ABF9009314D2 /* HomeCollectionsViewCell.xib in Resources */,
				F73DD4042284620F0096A943 /* MONTSERRATALTERNATES-BOLD.OTF in Resources */,
				F73DD4102284620F0096A943 /* MONTSERRAT-SEMIBOLD_0.OTF in Resources */,
				7FCCA6E622644ADD00E8E9A1 /* LaunchScreen.storyboard in Resources */,
				4F0F213722B76C4D002F69A7 /* DataSelectionTableViewCell.xib in Resources */,
				F73DD4012284620F0096A943 /* MONTSERRATALTERNATES-MEDIUMITALIC.OTF in Resources */,
				F73DD3F82284620F0096A943 /* MONTSERRAT-BOLD.OTF in Resources */,
				F73DD40B2284620F0096A943 /* MONTSERRAT-SEMIBOLDITALIC.OTF in Resources */,
				F73DD4162284620F0096A943 /* MONTSERRATALTERNATES-LIGHT.OTF in Resources */,
				4F188C1722D3258300D340A1 /* DropDownCell.xib in Resources */,
				34FC39F322A7A0F6009314D2 /* HomeTblCell.xib in Resources */,
				F73DD4032284620F0096A943 /* MONTSERRATALTERNATES-BLACKITALIC.OTF in Resources */,
				F73DD4122284620F0096A943 /* MONTSERRATALTERNATES-BOLDITALIC.OTF in Resources */,
				F73DD4082284620F0096A943 /* MONTSERRAT-LIGHTITALIC.OTF in Resources */,
				F73DD4182284620F0096A943 /* MONTSERRATALTERNATES-REGULAR.OTF in Resources */,
				F73DD4002284620F0096A943 /* MONTSERRAT-THIN.OTF in Resources */,
				F73DD3FC2284620F0096A943 /* MONTSERRATALTERNATES-MEDIUM.OTF in Resources */,
				F73DD4132284620F0096A943 /* MONTSERRAT-EXTRABOLD.OTF in Resources */,
				7AF0391B229D5AE200A0F74D /* AllCommentsTableViewCell.xib in Resources */,
				F73DD40F2284620F0096A943 /* MONTSERRAT-REGULAR.OTF in Resources */,
				F73DD4192284620F0096A943 /* MONTSERRATALTERNATES-THINITALIC.OTF in Resources */,
				F73DD3FF2284620F0096A943 /* MONTSERRAT-THINITALIC.OTF in Resources */,
				F73DD40C2284620F0096A943 /* MONTSERRAT-EXTRABOLDITALIC.OTF in Resources */,
				F73DD3FB2284620F0096A943 /* MONTSERRATALTERNATES-LIGHTITALIC.OTF in Resources */,
				F73DD40D2284620F0096A943 /* MONTSERRAT-ITALIC.OTF in Resources */,
				F73DD4022284620F0096A943 /* MONTSERRAT-EXTRALIGHT.OTF in Resources */,
				7AF1CF98231A77A90015B620 /* LikeUserItemTableViewCell.xib in Resources */,
				7FCCA6E322644ADD00E8E9A1 /* Assets.xcassets in Resources */,
				F73DD4052284620F0096A943 /* MONTSERRATALTERNATES-EXTRALIGHTITALIC.OTF in Resources */,
				F73DD40A2284620F0096A943 /* MONTSERRATALTERNATES-SEMIBOLDITALIC.OTF in Resources */,
				F73DD4062284620F0096A943 /* MONTSERRATALTERNATES-THIN.OTF in Resources */,
				F73DD3FE2284620F0096A943 /* MONTSERRAT-LIGHT.OTF in Resources */,
				F73DD4142284620F0096A943 /* MONTSERRAT-EXTRALIGHTITALIC.OTF in Resources */,
				F73DD4092284620F0096A943 /* MONTSERRAT-MEDIUM.OTF in Resources */,
				4F761E0922BBE46C00238FB2 /* CellUserProfileSectionTableViewCell.xib in Resources */,
				F73DD41A2284620F0096A943 /* MONTSERRAT-BLACK.OTF in Resources */,
				F73DD3FD2284620F0096A943 /* MONTSERRAT-BOLDITALIC.OTF in Resources */,
				F73DD4152284620F0096A943 /* MONTSERRAT-EXTRABOLD_0.OTF in Resources */,
				F73DD3FA2284620F0096A943 /* MONTSERRATALTERNATES-BLACK.OTF in Resources */,
				F73DD41C2284620F0096A943 /* MONTSERRATALTERNATES-EXTRABOLDITALIC.OTF in Resources */,
				F73DD41E2284620F0096A943 /* MONTSERRAT-SEMIBOLD.OTF in Resources */,
				F73DD3BB228434D10096A943 /* cellUserProfilePost.xib in Resources */,
				F73DD40E2284620F0096A943 /* MONTSERRATALTERNATES-SEMIBOLD.OTF in Resources */,
				4F645AE822FC44EC0003FC6F /* UserPostCollectionViewCell.xib in Resources */,
				4F39B8DF22DB1B8D00AB3CD6 /* FriendCollectionViewCell.xib in Resources */,
				F73DD4172284620F0096A943 /* MONTSERRATALTERNATES-EXTRALIGHT.OTF in Resources */,
				F73DD4072284620F0096A943 /* MONTSERRAT-ULTRALIGHT.OTF in Resources */,
				7FCCA6E122644ADC00E8E9A1 /* Main.storyboard in Resources */,
			);
			runOnlyForDeploymentPostprocessing = 0;
		};
/* End PBXResourcesBuildPhase section */

/* Begin PBXShellScriptBuildPhase section */
		1BD68A3350E3FF0948420BF6 /* [CP] Check Pods Manifest.lock */ = {
			isa = PBXShellScriptBuildPhase;
			buildActionMask = 2147483647;
			files = (
			);
			inputFileListPaths = (
			);
			inputPaths = (
				"${PODS_PODFILE_DIR_PATH}/Podfile.lock",
				"${PODS_ROOT}/Manifest.lock",
			);
			name = "[CP] Check Pods Manifest.lock";
			outputFileListPaths = (
			);
			outputPaths = (
				"$(DERIVED_FILE_DIR)/Pods-SKROLLIE-checkManifestLockResult.txt",
			);
			runOnlyForDeploymentPostprocessing = 0;
			shellPath = /bin/sh;
			shellScript = "diff \"${PODS_PODFILE_DIR_PATH}/Podfile.lock\" \"${PODS_ROOT}/Manifest.lock\" > /dev/null\nif [ $? != 0 ] ; then\n    # print error to STDERR\n    echo \"error: The sandbox is not in sync with the Podfile.lock. Run 'pod install' or update your CocoaPods installation.\" >&2\n    exit 1\nfi\n# This output is used by Xcode 'outputs' to avoid re-running this script phase.\necho \"SUCCESS\" > \"${SCRIPT_OUTPUT_FILE_0}\"\n";
			showEnvVarsInLog = 0;
		};
		4ED0405BF4094C59886AE53E /* [CP] Embed Pods Frameworks */ = {
			isa = PBXShellScriptBuildPhase;
			buildActionMask = 2147483647;
			files = (
			);
			inputFileListPaths = (
			);
			inputPaths = (
				"${PODS_ROOT}/Target Support Files/Pods-SKROLLIE/Pods-SKROLLIE-frameworks.sh",
				"${BUILT_PRODUCTS_DIR}/AWSCore/AWSCore.framework",
				"${BUILT_PRODUCTS_DIR}/AWSS3/AWSS3.framework",
				"${BUILT_PRODUCTS_DIR}/Alamofire/Alamofire.framework",
				"${BUILT_PRODUCTS_DIR}/EasyTipView/EasyTipView.framework",
				"${BUILT_PRODUCTS_DIR}/IQKeyboardManagerSwift/IQKeyboardManagerSwift.framework",
				"${BUILT_PRODUCTS_DIR}/KMPlaceholderTextView/KMPlaceholderTextView.framework",
				"${BUILT_PRODUCTS_DIR}/SRCountdownTimer/SRCountdownTimer.framework",
				"${BUILT_PRODUCTS_DIR}/SVPinView/SVPinView.framework",
				"${BUILT_PRODUCTS_DIR}/ScalingCarousel/ScalingCarousel.framework",
				"${BUILT_PRODUCTS_DIR}/SkyFloatingLabelTextField/SkyFloatingLabelTextField.framework",
				"${BUILT_PRODUCTS_DIR}/SwiftMessages/SwiftMessages.framework",
				"${BUILT_PRODUCTS_DIR}/SwiftyComments/SwiftyComments.framework",
				"${BUILT_PRODUCTS_DIR}/SwiftyJSON/SwiftyJSON.framework",
				"${BUILT_PRODUCTS_DIR}/SwipeCellKit/SwipeCellKit.framework",
			);
			name = "[CP] Embed Pods Frameworks";
			outputFileListPaths = (
			);
			outputPaths = (
				"${TARGET_BUILD_DIR}/${FRAMEWORKS_FOLDER_PATH}/AWSCore.framework",
				"${TARGET_BUILD_DIR}/${FRAMEWORKS_FOLDER_PATH}/AWSS3.framework",
				"${TARGET_BUILD_DIR}/${FRAMEWORKS_FOLDER_PATH}/Alamofire.framework",
				"${TARGET_BUILD_DIR}/${FRAMEWORKS_FOLDER_PATH}/EasyTipView.framework",
				"${TARGET_BUILD_DIR}/${FRAMEWORKS_FOLDER_PATH}/IQKeyboardManagerSwift.framework",
				"${TARGET_BUILD_DIR}/${FRAMEWORKS_FOLDER_PATH}/KMPlaceholderTextView.framework",
				"${TARGET_BUILD_DIR}/${FRAMEWORKS_FOLDER_PATH}/SRCountdownTimer.framework",
				"${TARGET_BUILD_DIR}/${FRAMEWORKS_FOLDER_PATH}/SVPinView.framework",
				"${TARGET_BUILD_DIR}/${FRAMEWORKS_FOLDER_PATH}/ScalingCarousel.framework",
				"${TARGET_BUILD_DIR}/${FRAMEWORKS_FOLDER_PATH}/SkyFloatingLabelTextField.framework",
				"${TARGET_BUILD_DIR}/${FRAMEWORKS_FOLDER_PATH}/SwiftMessages.framework",
				"${TARGET_BUILD_DIR}/${FRAMEWORKS_FOLDER_PATH}/SwiftyComments.framework",
				"${TARGET_BUILD_DIR}/${FRAMEWORKS_FOLDER_PATH}/SwiftyJSON.framework",
				"${TARGET_BUILD_DIR}/${FRAMEWORKS_FOLDER_PATH}/SwipeCellKit.framework",
			);
			runOnlyForDeploymentPostprocessing = 0;
			shellPath = /bin/sh;
			shellScript = "\"${PODS_ROOT}/Target Support Files/Pods-SKROLLIE/Pods-SKROLLIE-frameworks.sh\"\n";
			showEnvVarsInLog = 0;
		};
/* End PBXShellScriptBuildPhase section */

/* Begin PBXSourcesBuildPhase section */
		7FCCA6D422644ADB00E8E9A1 /* Sources */ = {
			isa = PBXSourcesBuildPhase;
			buildActionMask = 2147483647;
			files = (
				7F7F9FD32285BA37004F85BD /* FSPageViewLayout.swift in Sources */,
				7F7F35BC226ED8B900BB9A27 /* HomeViewController.swift in Sources */,
				4F0F213422B76C4D002F69A7 /* HeaderRequestParameter.swift in Sources */,
				F73DD3BA228434D10096A943 /* cellUserProfilePost.swift in Sources */,
				4FF671F122C2326100BB4AAF /* BaseViewController.swift in Sources */,
				7F6D122B2295173600CB7988 /* SwiftyCamButton.swift in Sources */,
				7F7F9FD22285BA37004F85BD /* FSPagerViewLayoutAttributes.swift in Sources */,
				7F6D122F2295173600CB7988 /* Orientation.swift in Sources */,
				7AF1CF97231A77A90015B620 /* LikeUserItemTableViewCell.swift in Sources */,
				7F7F9F6B2285B3B3004F85BD /* MobileNumberAddVc.swift in Sources */,
				0ED298C6229BECD4009A5C66 /* SelectedVideoViewController.swift in Sources */,
				4F0F210822B762A1002F69A7 /* SkyFloatingLabelTextField+Extension.swift in Sources */,
				4F761E0822BBE46C00238FB2 /* CellUserProfileSectionTableViewCell.swift in Sources */,
				4F0F210A22B762A1002F69A7 /* SVPinView+Extension.swift in Sources */,
				4F0F210C22B762A1002F69A7 /* UIColor+Extension.swift in Sources */,
				7FCCA6DC22644ADC00E8E9A1 /* AppDelegate.swift in Sources */,
				4F188C1422D3258300D340A1 /* DPDConstants.swift in Sources */,
				7F7F9FD62285BA37004F85BD /* FSPagerCollectionView.swift in Sources */,
				4F0F210F22B762A1002F69A7 /* UITextField+Extensions.swift in Sources */,
				4F0BCF9122D09F260094A351 /* UserFriendList.swift in Sources */,
				4F0F213622B76C4D002F69A7 /* DataSelectionTableViewCell.swift in Sources */,
				4FE4983D22E88EB800B9FE04 /* WebViewController.swift in Sources */,
				4F19C0EB22C5047500D12A1B /* UserProfileModel.swift in Sources */,
				7F7F9F6A2285B3B3004F85BD /* OTPViewController.swift in Sources */,
				4FB102F522CB2FC100C10B00 /* EditProfileViewController.swift in Sources */,
				4F188C1922D3258300D340A1 /* DropDown.swift in Sources */,
				3486A86C22A661960053A1A1 /* PostModel.swift in Sources */,
				4F0F214422B76F18002F69A7 /* ResponseDataModel.swift in Sources */,
				4F645AE722FC44EC0003FC6F /* UserPostCollectionViewCell.swift in Sources */,
				7F7F9F6C2285B3B3004F85BD /* LoginViewController.swift in Sources */,
				7F6D122C2295173600CB7988 /* PreviewView.swift in Sources */,
				4F188C1522D3258300D340A1 /* DPDKeyboardListener.swift in Sources */,
				4F0F213822B76C4D002F69A7 /* DataSelectionView.swift in Sources */,
				7F7F9FD52285BA37004F85BD /* FSPagerViewObjcCompat.m in Sources */,
				4F188C1622D3258300D340A1 /* DPDUIView+Extension.swift in Sources */,
				4F1443D522F41537006407C5 /* ForgotPasswordViewController.swift in Sources */,
				4F57F44822CA29CA0005526C /* VerificationBadgeViewController.swift in Sources */,
				7F7F9FCF2285BA37004F85BD /* FSPagerView.swift in Sources */,
				7AF0391A229D5AE200A0F74D /* AllCommentsTableViewCell.swift in Sources */,
				7F7F9FD42285BA37004F85BD /* FSPageControl.swift in Sources */,
				4F0F214022B76CDC002F69A7 /* GlobalFunctions.swift in Sources */,
				4F7C982523069A1700A73DC9 /* CAShapeLayer+Extension.swift in Sources */,
				4F0F212C22B76C4D002F69A7 /* Utility.swift in Sources */,
				4F0F211522B7633C002F69A7 /* UIScrollView+Extension.swift in Sources */,
				F7FB4EB92285442E00A390AE /* commentViewClass.swift in Sources */,
				7F6D122D2295173600CB7988 /* SwiftyCamViewController.swift in Sources */,
				4F0F211722B76391002F69A7 /* UIImageView+Extension.swift in Sources */,
				7AF03911229D35E500A0F74D /* UserItemCollectionViewCell.swift in Sources */,
				4F19E0D222F2AB6C00266010 /* SearchViewController.swift in Sources */,
				4F0F213222B76C4D002F69A7 /* APIClient.swift in Sources */,
				7AF03915229D58CC00A0F74D /* CommentItemTableViewCell.swift in Sources */,
				4F0F210722B762A1002F69A7 /* CollectionType+Extension.swift in Sources */,
				7F7F9FD12285BA37004F85BD /* FSPagerViewCell.swift in Sources */,
				4F0F210922B762A1002F69A7 /* String+Extension.swift in Sources */,
				34FC39F622A7ABF9009314D2 /* HomeCollectionsViewCell.swift in Sources */,
				4F0BCF8E22D081860094A351 /* FriendTableViewCell.swift in Sources */,
				4F0F213322B76C4D002F69A7 /* ApiManager.swift in Sources */,
				4F188C1A22D3258300D340A1 /* DropDownCell.swift in Sources */,
				4F0BCF9422D0B2800094A351 /* BlockListViewController.swift in Sources */,
				7F6D1224229516DF00CB7988 /* CameraAndVedioViewController.swift in Sources */,
				7A20384923179FCF00366323 /* UserLike.swift in Sources */,
				4FCF6A6722C73FA5006CB117 /* DataMapClass.swift in Sources */,
				F73DD3B6228427580096A943 /* userProfileClass.swift in Sources */,
				7F6D122E2295173600CB7988 /* SwiftyCamViewControllerDelegate.swift in Sources */,
				345269EF22A7E450008B6613 /* Toast.swift in Sources */,
				4F0F210B22B762A1002F69A7 /* UIButton+Extension.swift in Sources */,
				4F188C1822D3258300D340A1 /* DropDown+Appearance.swift in Sources */,
				4F0F213F22B76CDC002F69A7 /* GlobalConstants.swift in Sources */,
				4F0F214122B76CDC002F69A7 /* AppPrefsManager.swift in Sources */,
				4F0F213522B76C4D002F69A7 /* ParameterRequest.swift in Sources */,
				4F0F210D22B762A1002F69A7 /* UIImage+Extension.swift in Sources */,
				0ED298C4229BCDDE009A5C66 /* SelectedImageViewController.swift in Sources */,
				7F7F9F6D2285B3B3004F85BD /* RegisterViewController.swift in Sources */,
				4F0F211122B762A1002F69A7 /* UIViewController+Extension.swift in Sources */,
				4F19E0D622F2B4F800266010 /* SearchItemCollectionViewCell.swift in Sources */,
				7A64AFF022B7A8C70078967A /* Date+Extension.swift in Sources */,
				4F0F211322B762E1002F69A7 /* UIFont+Extension.swift in Sources */,
				7F7F9FD02285BA37004F85BD /* FSPageViewTransformer.swift in Sources */,
				4F0F211022B762A1002F69A7 /* UIView+Extensions.swift in Sources */,
				34FC39F222A7A0F6009314D2 /* HomeTblCell.swift in Sources */,
				4F1D9F8D22E5E366002184A2 /* RequestListViewController.swift in Sources */,
				4F0F214822B79283002F69A7 /* LoginModel.swift in Sources */,
				4F0BCF8A22D07FD00094A351 /* FriendListViewController.swift in Sources */,
				4F39B8DE22DB1B8D00AB3CD6 /* FriendCollectionViewCell.swift in Sources */,
				4F0F210E22B762A1002F69A7 /* UINavigationBar+Extension.swift in Sources */,
				4F0F211922B764F7002F69A7 /* UITableView+Extension.swift in Sources */,
				4FBBB1E122C514400048A596 /* SettingsViewController.swift in Sources */,
			);
			runOnlyForDeploymentPostprocessing = 0;
		};
/* End PBXSourcesBuildPhase section */

/* Begin PBXVariantGroup section */
		7FCCA6DF22644ADC00E8E9A1 /* Main.storyboard */ = {
			isa = PBXVariantGroup;
			children = (
				7FCCA6E022644ADC00E8E9A1 /* Base */,
			);
			name = Main.storyboard;
			sourceTree = "<group>";
		};
		7FCCA6E422644ADD00E8E9A1 /* LaunchScreen.storyboard */ = {
			isa = PBXVariantGroup;
			children = (
				7FCCA6E522644ADD00E8E9A1 /* Base */,
			);
			name = LaunchScreen.storyboard;
			sourceTree = "<group>";
		};
/* End PBXVariantGroup section */

/* Begin XCBuildConfiguration section */
		7FCCA6FE22644ADE00E8E9A1 /* Debug */ = {
			isa = XCBuildConfiguration;
			buildSettings = {
				ALWAYS_SEARCH_USER_PATHS = NO;
				CLANG_ANALYZER_NONNULL = YES;
				CLANG_ANALYZER_NUMBER_OBJECT_CONVERSION = YES_AGGRESSIVE;
				CLANG_CXX_LANGUAGE_STANDARD = "gnu++14";
				CLANG_CXX_LIBRARY = "libc++";
				CLANG_ENABLE_MODULES = YES;
				CLANG_ENABLE_OBJC_ARC = YES;
				CLANG_ENABLE_OBJC_WEAK = YES;
				CLANG_WARN_BLOCK_CAPTURE_AUTORELEASING = YES;
				CLANG_WARN_BOOL_CONVERSION = YES;
				CLANG_WARN_COMMA = YES;
				CLANG_WARN_CONSTANT_CONVERSION = YES;
				CLANG_WARN_DEPRECATED_OBJC_IMPLEMENTATIONS = YES;
				CLANG_WARN_DIRECT_OBJC_ISA_USAGE = YES_ERROR;
				CLANG_WARN_DOCUMENTATION_COMMENTS = YES;
				CLANG_WARN_EMPTY_BODY = YES;
				CLANG_WARN_ENUM_CONVERSION = YES;
				CLANG_WARN_INFINITE_RECURSION = YES;
				CLANG_WARN_INT_CONVERSION = YES;
				CLANG_WARN_NON_LITERAL_NULL_CONVERSION = YES;
				CLANG_WARN_OBJC_IMPLICIT_RETAIN_SELF = YES;
				CLANG_WARN_OBJC_LITERAL_CONVERSION = YES;
				CLANG_WARN_OBJC_ROOT_CLASS = YES_ERROR;
				CLANG_WARN_RANGE_LOOP_ANALYSIS = YES;
				CLANG_WARN_STRICT_PROTOTYPES = YES;
				CLANG_WARN_SUSPICIOUS_MOVE = YES;
				CLANG_WARN_UNGUARDED_AVAILABILITY = YES_AGGRESSIVE;
				CLANG_WARN_UNREACHABLE_CODE = YES;
				CLANG_WARN__DUPLICATE_METHOD_MATCH = YES;
				CODE_SIGN_IDENTITY = "iPhone Developer";
				COPY_PHASE_STRIP = NO;
				DEBUG_INFORMATION_FORMAT = dwarf;
				ENABLE_STRICT_OBJC_MSGSEND = YES;
				ENABLE_TESTABILITY = YES;
				GCC_C_LANGUAGE_STANDARD = gnu11;
				GCC_DYNAMIC_NO_PIC = NO;
				GCC_NO_COMMON_BLOCKS = YES;
				GCC_OPTIMIZATION_LEVEL = 0;
				GCC_PREPROCESSOR_DEFINITIONS = (
					"DEBUG=1",
					"$(inherited)",
				);
				GCC_WARN_64_TO_32_BIT_CONVERSION = YES;
				GCC_WARN_ABOUT_RETURN_TYPE = YES_ERROR;
				GCC_WARN_UNDECLARED_SELECTOR = YES;
				GCC_WARN_UNINITIALIZED_AUTOS = YES_AGGRESSIVE;
				GCC_WARN_UNUSED_FUNCTION = YES;
				GCC_WARN_UNUSED_VARIABLE = YES;
				IPHONEOS_DEPLOYMENT_TARGET = 12.2;
				MTL_ENABLE_DEBUG_INFO = INCLUDE_SOURCE;
				MTL_FAST_MATH = YES;
				ONLY_ACTIVE_ARCH = YES;
				SDKROOT = iphoneos;
				SWIFT_ACTIVE_COMPILATION_CONDITIONS = DEBUG;
				SWIFT_OPTIMIZATION_LEVEL = "-Onone";
				SWIFT_VERSION = 5.0;
			};
			name = Debug;
		};
		7FCCA6FF22644ADE00E8E9A1 /* Release */ = {
			isa = XCBuildConfiguration;
			buildSettings = {
				ALWAYS_SEARCH_USER_PATHS = NO;
				CLANG_ANALYZER_NONNULL = YES;
				CLANG_ANALYZER_NUMBER_OBJECT_CONVERSION = YES_AGGRESSIVE;
				CLANG_CXX_LANGUAGE_STANDARD = "gnu++14";
				CLANG_CXX_LIBRARY = "libc++";
				CLANG_ENABLE_MODULES = YES;
				CLANG_ENABLE_OBJC_ARC = YES;
				CLANG_ENABLE_OBJC_WEAK = YES;
				CLANG_WARN_BLOCK_CAPTURE_AUTORELEASING = YES;
				CLANG_WARN_BOOL_CONVERSION = YES;
				CLANG_WARN_COMMA = YES;
				CLANG_WARN_CONSTANT_CONVERSION = YES;
				CLANG_WARN_DEPRECATED_OBJC_IMPLEMENTATIONS = YES;
				CLANG_WARN_DIRECT_OBJC_ISA_USAGE = YES_ERROR;
				CLANG_WARN_DOCUMENTATION_COMMENTS = YES;
				CLANG_WARN_EMPTY_BODY = YES;
				CLANG_WARN_ENUM_CONVERSION = YES;
				CLANG_WARN_INFINITE_RECURSION = YES;
				CLANG_WARN_INT_CONVERSION = YES;
				CLANG_WARN_NON_LITERAL_NULL_CONVERSION = YES;
				CLANG_WARN_OBJC_IMPLICIT_RETAIN_SELF = YES;
				CLANG_WARN_OBJC_LITERAL_CONVERSION = YES;
				CLANG_WARN_OBJC_ROOT_CLASS = YES_ERROR;
				CLANG_WARN_RANGE_LOOP_ANALYSIS = YES;
				CLANG_WARN_STRICT_PROTOTYPES = YES;
				CLANG_WARN_SUSPICIOUS_MOVE = YES;
				CLANG_WARN_UNGUARDED_AVAILABILITY = YES_AGGRESSIVE;
				CLANG_WARN_UNREACHABLE_CODE = YES;
				CLANG_WARN__DUPLICATE_METHOD_MATCH = YES;
				CODE_SIGN_IDENTITY = "iPhone Developer";
				COPY_PHASE_STRIP = NO;
				DEBUG_INFORMATION_FORMAT = "dwarf-with-dsym";
				ENABLE_NS_ASSERTIONS = NO;
				ENABLE_STRICT_OBJC_MSGSEND = YES;
				GCC_C_LANGUAGE_STANDARD = gnu11;
				GCC_NO_COMMON_BLOCKS = YES;
				GCC_WARN_64_TO_32_BIT_CONVERSION = YES;
				GCC_WARN_ABOUT_RETURN_TYPE = YES_ERROR;
				GCC_WARN_UNDECLARED_SELECTOR = YES;
				GCC_WARN_UNINITIALIZED_AUTOS = YES_AGGRESSIVE;
				GCC_WARN_UNUSED_FUNCTION = YES;
				GCC_WARN_UNUSED_VARIABLE = YES;
				IPHONEOS_DEPLOYMENT_TARGET = 12.2;
				MTL_ENABLE_DEBUG_INFO = NO;
				MTL_FAST_MATH = YES;
				SDKROOT = iphoneos;
				SWIFT_COMPILATION_MODE = wholemodule;
				SWIFT_OPTIMIZATION_LEVEL = "-O";
				SWIFT_VERSION = 5.0;
				VALIDATE_PRODUCT = YES;
			};
			name = Release;
		};
		7FCCA70122644ADE00E8E9A1 /* Debug */ = {
			isa = XCBuildConfiguration;
			baseConfigurationReference = 41F5268037B75A4D715C8E9B /* Pods-SKROLLIE.debug.xcconfig */;
			buildSettings = {
				ASSETCATALOG_COMPILER_APPICON_NAME = AppIcon;
				CODE_SIGN_ENTITLEMENTS = SKROLLIE/SKROLLIE.entitlements;
				CODE_SIGN_IDENTITY = "iPhone Developer";
				CODE_SIGN_STYLE = Automatic;
				DEVELOPMENT_TEAM = 63UZ8NX8NN;
				INFOPLIST_FILE = SKROLLIE/Info.plist;
				IPHONEOS_DEPLOYMENT_TARGET = 9.0;
				LD_RUNPATH_SEARCH_PATHS = (
					"$(inherited)",
					"@executable_path/Frameworks",
				);
				PRODUCT_BUNDLE_IDENTIFIER = com.skrollie.skrollie;
				PRODUCT_NAME = "$(TARGET_NAME)";
				PROVISIONING_PROFILE_SPECIFIER = "";
				SWIFT_OBJC_BRIDGING_HEADER = "";
				SWIFT_VERSION = 5.0;
				TARGETED_DEVICE_FAMILY = "1,2";
			};
			name = Debug;
		};
		7FCCA70222644ADE00E8E9A1 /* Release */ = {
			isa = XCBuildConfiguration;
			baseConfigurationReference = 94D2A5B36E55AF4CB07E4AD3 /* Pods-SKROLLIE.release.xcconfig */;
			buildSettings = {
				ASSETCATALOG_COMPILER_APPICON_NAME = AppIcon;
				CODE_SIGN_ENTITLEMENTS = SKROLLIE/SKROLLIE.entitlements;
				CODE_SIGN_IDENTITY = "iPhone Developer";
				CODE_SIGN_STYLE = Automatic;
				DEVELOPMENT_TEAM = 63UZ8NX8NN;
				INFOPLIST_FILE = SKROLLIE/Info.plist;
				IPHONEOS_DEPLOYMENT_TARGET = 9.0;
				LD_RUNPATH_SEARCH_PATHS = (
					"$(inherited)",
					"@executable_path/Frameworks",
				);
				PRODUCT_BUNDLE_IDENTIFIER = com.skrollie.skrollie;
				PRODUCT_NAME = "$(TARGET_NAME)";
				PROVISIONING_PROFILE_SPECIFIER = "";
				SWIFT_OBJC_BRIDGING_HEADER = "";
				SWIFT_VERSION = 5.0;
				TARGETED_DEVICE_FAMILY = "1,2";
			};
			name = Release;
		};
/* End XCBuildConfiguration section */

/* Begin XCConfigurationList section */
		7FCCA6D322644ADB00E8E9A1 /* Build configuration list for PBXProject "SKROLLIE" */ = {
			isa = XCConfigurationList;
			buildConfigurations = (
				7FCCA6FE22644ADE00E8E9A1 /* Debug */,
				7FCCA6FF22644ADE00E8E9A1 /* Release */,
			);
			defaultConfigurationIsVisible = 0;
			defaultConfigurationName = Release;
		};
		7FCCA70022644ADE00E8E9A1 /* Build configuration list for PBXNativeTarget "SKROLLIE" */ = {
			isa = XCConfigurationList;
			buildConfigurations = (
				7FCCA70122644ADE00E8E9A1 /* Debug */,
				7FCCA70222644ADE00E8E9A1 /* Release */,
			);
			defaultConfigurationIsVisible = 0;
			defaultConfigurationName = Release;
		};
/* End XCConfigurationList section */
	};
	rootObject = 7FCCA6D022644ADB00E8E9A1 /* Project object */;
}
